// !$*UTF8*$!
{
	archiveVersion = 1;
	classes = {
	};
	objectVersion = 50;
	objects = {

/* Begin PBXBuildFile section */
		071699F3F29291B6520373F1 /* Pods_CounterListUITests.framework in Frameworks */ = {isa = PBXBuildFile; fileRef = 8BEDE49912BA8765200D7C93 /* Pods_CounterListUITests.framework */; };
		478A75685EAB1DB947E338A6 /* Pods_CounterList.framework in Frameworks */ = {isa = PBXBuildFile; fileRef = A50D8F51205D061DA3DF63B5 /* Pods_CounterList.framework */; };
		9FF8FF2BF96BF22CD447272D /* Pods_CounterListTests.framework in Frameworks */ = {isa = PBXBuildFile; fileRef = 7A9EBDE5704434BA01F11648 /* Pods_CounterListTests.framework */; };
		BE27263122F644C5003858E3 /* AddProductInteractor.swift in Sources */ = {isa = PBXBuildFile; fileRef = BE27263022F644C5003858E3 /* AddProductInteractor.swift */; };
		BE27263322F644D3003858E3 /* AddProductPresenter.swift in Sources */ = {isa = PBXBuildFile; fileRef = BE27263222F644D3003858E3 /* AddProductPresenter.swift */; };
		BE27263822F64500003858E3 /* AddProductRouter.swift in Sources */ = {isa = PBXBuildFile; fileRef = BE27263722F64500003858E3 /* AddProductRouter.swift */; };
		BE27263B22F64DDB003858E3 /* ProductCollectionViewCell.swift in Sources */ = {isa = PBXBuildFile; fileRef = BE27263922F64DDB003858E3 /* ProductCollectionViewCell.swift */; };
		BE27263C22F64DDB003858E3 /* ProductCollectionViewCell.xib in Resources */ = {isa = PBXBuildFile; fileRef = BE27263A22F64DDB003858E3 /* ProductCollectionViewCell.xib */; };
		BE27263F22F65299003858E3 /* UICollectionView.swift in Sources */ = {isa = PBXBuildFile; fileRef = BE27263E22F65299003858E3 /* UICollectionView.swift */; };
		BE27264422F65A7E003858E3 /* ImageConstants.swift in Sources */ = {isa = PBXBuildFile; fileRef = BE27264322F65A7E003858E3 /* ImageConstants.swift */; };
		BE27264622F667AE003858E3 /* UIColor.swift in Sources */ = {isa = PBXBuildFile; fileRef = BE27264522F667AE003858E3 /* UIColor.swift */; };
		BE27264822F669E2003858E3 /* ButtonCounterView.swift in Sources */ = {isa = PBXBuildFile; fileRef = BE27264722F669E2003858E3 /* ButtonCounterView.swift */; };
		BE27264A22F669EC003858E3 /* ButtonCounterView.xib in Resources */ = {isa = PBXBuildFile; fileRef = BE27264922F669EC003858E3 /* ButtonCounterView.xib */; };
		BE27266E22F67F52003858E3 /* AddProductViewController.swift in Sources */ = {isa = PBXBuildFile; fileRef = BE27266C22F67F52003858E3 /* AddProductViewController.swift */; };
		BE27266F22F67F52003858E3 /* AddProductViewController.xib in Resources */ = {isa = PBXBuildFile; fileRef = BE27266D22F67F52003858E3 /* AddProductViewController.xib */; };
		BE3CC05222F8BAE3005EC271 /* CircularRevealTransitionAnimator.swift in Sources */ = {isa = PBXBuildFile; fileRef = BE3CC04F22F8BAE3005EC271 /* CircularRevealTransitionAnimator.swift */; };
		BE3CC05322F8BAE3005EC271 /* CircularRevealAnimator.swift in Sources */ = {isa = PBXBuildFile; fileRef = BE3CC05022F8BAE3005EC271 /* CircularRevealAnimator.swift */; };
		BE3CC05422F8BAE3005EC271 /* AnimationDelegate.swift in Sources */ = {isa = PBXBuildFile; fileRef = BE3CC05122F8BAE3005EC271 /* AnimationDelegate.swift */; };
		BEDDF61C2203E2D5005D3B25 /* AppDelegate.swift in Sources */ = {isa = PBXBuildFile; fileRef = BEDDF61B2203E2D5005D3B25 /* AppDelegate.swift */; };
		BEDDF6262203E2D5005D3B25 /* Assets.xcassets in Resources */ = {isa = PBXBuildFile; fileRef = BEDDF6252203E2D5005D3B25 /* Assets.xcassets */; };
		BEDDF6292203E2D5005D3B25 /* LaunchScreen.storyboard in Resources */ = {isa = PBXBuildFile; fileRef = BEDDF6272203E2D5005D3B25 /* LaunchScreen.storyboard */; };
		BEDDF6342203E2D6005D3B25 /* CounterListTests.swift in Sources */ = {isa = PBXBuildFile; fileRef = BEDDF6332203E2D6005D3B25 /* CounterListTests.swift */; };
		BEDDF63F2203E2D6005D3B25 /* CounterListUITests.swift in Sources */ = {isa = PBXBuildFile; fileRef = BEDDF63E2203E2D6005D3B25 /* CounterListUITests.swift */; };
		BEDDF68B2203EF97005D3B25 /* ProductListService.swift in Sources */ = {isa = PBXBuildFile; fileRef = BEDDF68A2203EF97005D3B25 /* ProductListService.swift */; };
		BEDDF68F2203EFBF005D3B25 /* Product.swift in Sources */ = {isa = PBXBuildFile; fileRef = BEDDF68E2203EFBF005D3B25 /* Product.swift */; };
		BEDDF6942203F21D005D3B25 /* ProductListViewController.swift in Sources */ = {isa = PBXBuildFile; fileRef = BEDDF6922203F21D005D3B25 /* ProductListViewController.swift */; };
		BEDDF6952203F21D005D3B25 /* ProductListViewController.xib in Resources */ = {isa = PBXBuildFile; fileRef = BEDDF6932203F21D005D3B25 /* ProductListViewController.xib */; };
		BEDDF6A02203F3B4005D3B25 /* GetProductList.swift in Sources */ = {isa = PBXBuildFile; fileRef = BEDDF69F2203F3B4005D3B25 /* GetProductList.swift */; };
		BEDDF6A62203F580005D3B25 /* ProductList.swift in Sources */ = {isa = PBXBuildFile; fileRef = BEDDF6A52203F580005D3B25 /* ProductList.swift */; };
		BEDDF6B822040087005D3B25 /* ProductListInteractor.swift in Sources */ = {isa = PBXBuildFile; fileRef = BEDDF6B722040087005D3B25 /* ProductListInteractor.swift */; };
		BEDDF6BA220400D6005D3B25 /* ProductListPresenter.swift in Sources */ = {isa = PBXBuildFile; fileRef = BEDDF6B9220400D6005D3B25 /* ProductListPresenter.swift */; };
		BEDDF6BC22040110005D3B25 /* ProductListRouter.swift in Sources */ = {isa = PBXBuildFile; fileRef = BEDDF6BB22040110005D3B25 /* ProductListRouter.swift */; };
		BEDDF6CF220503AD005D3B25 /* UICollectionViewCell.swift in Sources */ = {isa = PBXBuildFile; fileRef = BEDDF6CE220503AD005D3B25 /* UICollectionViewCell.swift */; };
		BEDDF6D222050486005D3B25 /* BaseViewController.swift in Sources */ = {isa = PBXBuildFile; fileRef = BEDDF6D122050486005D3B25 /* BaseViewController.swift */; };
		BEDDF6D8220508CC005D3B25 /* Theme.swift in Sources */ = {isa = PBXBuildFile; fileRef = BEDDF6D7220508CC005D3B25 /* Theme.swift */; };
		BEDDF6DA22050BB4005D3B25 /* UIView.swift in Sources */ = {isa = PBXBuildFile; fileRef = BEDDF6D922050BB4005D3B25 /* UIView.swift */; };
		BEDDF6DE220512C6005D3B25 /* ProductViewModel.swift in Sources */ = {isa = PBXBuildFile; fileRef = BEDDF6DD220512C6005D3B25 /* ProductViewModel.swift */; };
		BEDDF6E122051BED005D3B25 /* Assembler.swift in Sources */ = {isa = PBXBuildFile; fileRef = BEDDF6E022051BED005D3B25 /* Assembler.swift */; };
		BEDDF6E62208F6D1005D3B25 /* IncrementProductCounter.swift in Sources */ = {isa = PBXBuildFile; fileRef = BEDDF6E52208F6D1005D3B25 /* IncrementProductCounter.swift */; };
		BEDDF6E82208F789005D3B25 /* IncrementProductService.swift in Sources */ = {isa = PBXBuildFile; fileRef = BEDDF6E72208F789005D3B25 /* IncrementProductService.swift */; };
		BEDDF6EE2208FBE4005D3B25 /* DecrementProductCounter.swift in Sources */ = {isa = PBXBuildFile; fileRef = BEDDF6ED2208FBE4005D3B25 /* DecrementProductCounter.swift */; };
		BEDDF6F02208FC02005D3B25 /* DecrementProductService.swift in Sources */ = {isa = PBXBuildFile; fileRef = BEDDF6EF2208FC02005D3B25 /* DecrementProductService.swift */; };
		BEDDF6F42208FF84005D3B25 /* BaseParser.swift in Sources */ = {isa = PBXBuildFile; fileRef = BEDDF6F22208FF84005D3B25 /* BaseParser.swift */; };
		BEDDF6F52208FF84005D3B25 /* BaseService.swift in Sources */ = {isa = PBXBuildFile; fileRef = BEDDF6F32208FF84005D3B25 /* BaseService.swift */; };
		BEDDF6F722090184005D3B25 /* ContentType.swift in Sources */ = {isa = PBXBuildFile; fileRef = BEDDF6F622090184005D3B25 /* ContentType.swift */; };
		BEDDF6F92209029E005D3B25 /* DeleteProduct.swift in Sources */ = {isa = PBXBuildFile; fileRef = BEDDF6F82209029E005D3B25 /* DeleteProduct.swift */; };
		BEDDF6FB220903CE005D3B25 /* DeleteProductService.swift in Sources */ = {isa = PBXBuildFile; fileRef = BEDDF6FA220903CE005D3B25 /* DeleteProductService.swift */; };
		BEDDF6FF22090AA7005D3B25 /* Localizable.strings in Resources */ = {isa = PBXBuildFile; fileRef = BEDDF70122090AA7005D3B25 /* Localizable.strings */; };
		BEDDF70422090B29005D3B25 /* LocalizationManager.swift in Sources */ = {isa = PBXBuildFile; fileRef = BEDDF70322090B29005D3B25 /* LocalizationManager.swift */; };
		BEDDF70622090BBC005D3B25 /* AppConstants.swift in Sources */ = {isa = PBXBuildFile; fileRef = BEDDF70522090BBC005D3B25 /* AppConstants.swift */; };
		BEDDF70822090BF9005D3B25 /* String.swift in Sources */ = {isa = PBXBuildFile; fileRef = BEDDF70722090BF9005D3B25 /* String.swift */; };
		BEDDF70A22091364005D3B25 /* AddProduct.swift in Sources */ = {isa = PBXBuildFile; fileRef = BEDDF70922091364005D3B25 /* AddProduct.swift */; };
		BEDDF70C2209139B005D3B25 /* AddProductService.swift in Sources */ = {isa = PBXBuildFile; fileRef = BEDDF70B2209139B005D3B25 /* AddProductService.swift */; };
		BEDDF70E2209199E005D3B25 /* EndpointManager.swift in Sources */ = {isa = PBXBuildFile; fileRef = BEDDF70D2209199E005D3B25 /* EndpointManager.swift */; };
		BEDDF71022091A3D005D3B25 /* Endpoints.plist in Resources */ = {isa = PBXBuildFile; fileRef = BEDDF70F22091A3D005D3B25 /* Endpoints.plist */; };
		BEDDF71A220928B7005D3B25 /* Array.swift in Sources */ = {isa = PBXBuildFile; fileRef = BEDDF719220928B7005D3B25 /* Array.swift */; };
		BEDDF71C22092B5C005D3B25 /* ArrayExtensionTests.swift in Sources */ = {isa = PBXBuildFile; fileRef = BEDDF71B22092B5C005D3B25 /* ArrayExtensionTests.swift */; };
		BEDDF72022094CC6005D3B25 /* ProductListPresenterTests.swift in Sources */ = {isa = PBXBuildFile; fileRef = BEDDF71F22094CC6005D3B25 /* ProductListPresenterTests.swift */; };
		BEDDF72322094D08005D3B25 /* ProductListRouterMock.swift in Sources */ = {isa = PBXBuildFile; fileRef = BEDDF72222094D08005D3B25 /* ProductListRouterMock.swift */; };
		BEDDF72522094E1C005D3B25 /* ProductListInteractorMock.swift in Sources */ = {isa = PBXBuildFile; fileRef = BEDDF72422094E1C005D3B25 /* ProductListInteractorMock.swift */; };
		BEDDF7272209506E005D3B25 /* ProductListViewMock.swift in Sources */ = {isa = PBXBuildFile; fileRef = BEDDF7262209506E005D3B25 /* ProductListViewMock.swift */; };
		BEDDF72922095378005D3B25 /* ProductListServiceTests.swift in Sources */ = {isa = PBXBuildFile; fileRef = BEDDF72822095378005D3B25 /* ProductListServiceTests.swift */; };
		BEDDF72B22095855005D3B25 /* Stub.swift in Sources */ = {isa = PBXBuildFile; fileRef = BEDDF72A22095855005D3B25 /* Stub.swift */; };
		BEDDF72D22095B23005D3B25 /* GeneralTestsStubSetup.swift in Sources */ = {isa = PBXBuildFile; fileRef = BEDDF72C22095B23005D3B25 /* GeneralTestsStubSetup.swift */; };
		BEDDF72F22095B60005D3B25 /* CommonUnitTestsConstants.swift in Sources */ = {isa = PBXBuildFile; fileRef = BEDDF72E22095B60005D3B25 /* CommonUnitTestsConstants.swift */; };
		BEDDF73222095CA4005D3B25 /* GetProductsSuccessStub.json in Resources */ = {isa = PBXBuildFile; fileRef = BEDDF73122095CA4005D3B25 /* GetProductsSuccessStub.json */; };
		BEDDF739220A32E1005D3B25 /* UITableView.swift in Sources */ = {isa = PBXBuildFile; fileRef = BEDDF738220A32E1005D3B25 /* UITableView.swift */; };
/* End PBXBuildFile section */

/* Begin PBXContainerItemProxy section */
		BEDDF6302203E2D6005D3B25 /* PBXContainerItemProxy */ = {
			isa = PBXContainerItemProxy;
			containerPortal = BEDDF6102203E2D5005D3B25 /* Project object */;
			proxyType = 1;
			remoteGlobalIDString = BEDDF6172203E2D5005D3B25;
			remoteInfo = CounterList;
		};
		BEDDF63B2203E2D6005D3B25 /* PBXContainerItemProxy */ = {
			isa = PBXContainerItemProxy;
			containerPortal = BEDDF6102203E2D5005D3B25 /* Project object */;
			proxyType = 1;
			remoteGlobalIDString = BEDDF6172203E2D5005D3B25;
			remoteInfo = CounterList;
		};
/* End PBXContainerItemProxy section */

/* Begin PBXCopyFilesBuildPhase section */
		BEDDF6AF2203F934005D3B25 /* Embed Frameworks */ = {
			isa = PBXCopyFilesBuildPhase;
			buildActionMask = 2147483647;
			dstPath = "";
			dstSubfolderSpec = 10;
			files = (
			);
			name = "Embed Frameworks";
			runOnlyForDeploymentPostprocessing = 0;
		};
/* End PBXCopyFilesBuildPhase section */

/* Begin PBXFileReference section */
		1AD7733689F9A87219FA7363 /* Pods-CounterListTests.release.xcconfig */ = {isa = PBXFileReference; includeInIndex = 1; lastKnownFileType = text.xcconfig; name = "Pods-CounterListTests.release.xcconfig"; path = "Pods/Target Support Files/Pods-CounterListTests/Pods-CounterListTests.release.xcconfig"; sourceTree = "<group>"; };
		300116BF5F6928B796AEBCBB /* Pods-CounterList.release.xcconfig */ = {isa = PBXFileReference; includeInIndex = 1; lastKnownFileType = text.xcconfig; name = "Pods-CounterList.release.xcconfig"; path = "Pods/Target Support Files/Pods-CounterList/Pods-CounterList.release.xcconfig"; sourceTree = "<group>"; };
		7A9EBDE5704434BA01F11648 /* Pods_CounterListTests.framework */ = {isa = PBXFileReference; explicitFileType = wrapper.framework; includeInIndex = 0; path = Pods_CounterListTests.framework; sourceTree = BUILT_PRODUCTS_DIR; };
		7D804728C51BA45E41656BD6 /* Pods-CounterListUITests.debug.xcconfig */ = {isa = PBXFileReference; includeInIndex = 1; lastKnownFileType = text.xcconfig; name = "Pods-CounterListUITests.debug.xcconfig"; path = "Pods/Target Support Files/Pods-CounterListUITests/Pods-CounterListUITests.debug.xcconfig"; sourceTree = "<group>"; };
		8BEDE49912BA8765200D7C93 /* Pods_CounterListUITests.framework */ = {isa = PBXFileReference; explicitFileType = wrapper.framework; includeInIndex = 0; path = Pods_CounterListUITests.framework; sourceTree = BUILT_PRODUCTS_DIR; };
		9BAAAC7EF75921ADE79BFE57 /* Pods-CounterListUITests.release.xcconfig */ = {isa = PBXFileReference; includeInIndex = 1; lastKnownFileType = text.xcconfig; name = "Pods-CounterListUITests.release.xcconfig"; path = "Pods/Target Support Files/Pods-CounterListUITests/Pods-CounterListUITests.release.xcconfig"; sourceTree = "<group>"; };
		A50D8F51205D061DA3DF63B5 /* Pods_CounterList.framework */ = {isa = PBXFileReference; explicitFileType = wrapper.framework; includeInIndex = 0; path = Pods_CounterList.framework; sourceTree = BUILT_PRODUCTS_DIR; };
		BE27263022F644C5003858E3 /* AddProductInteractor.swift */ = {isa = PBXFileReference; lastKnownFileType = sourcecode.swift; path = AddProductInteractor.swift; sourceTree = "<group>"; };
		BE27263222F644D3003858E3 /* AddProductPresenter.swift */ = {isa = PBXFileReference; lastKnownFileType = sourcecode.swift; path = AddProductPresenter.swift; sourceTree = "<group>"; };
		BE27263722F64500003858E3 /* AddProductRouter.swift */ = {isa = PBXFileReference; lastKnownFileType = sourcecode.swift; path = AddProductRouter.swift; sourceTree = "<group>"; };
		BE27263922F64DDB003858E3 /* ProductCollectionViewCell.swift */ = {isa = PBXFileReference; lastKnownFileType = sourcecode.swift; path = ProductCollectionViewCell.swift; sourceTree = "<group>"; };
		BE27263A22F64DDB003858E3 /* ProductCollectionViewCell.xib */ = {isa = PBXFileReference; lastKnownFileType = file.xib; path = ProductCollectionViewCell.xib; sourceTree = "<group>"; };
		BE27263E22F65299003858E3 /* UICollectionView.swift */ = {isa = PBXFileReference; lastKnownFileType = sourcecode.swift; path = UICollectionView.swift; sourceTree = "<group>"; };
		BE27264322F65A7E003858E3 /* ImageConstants.swift */ = {isa = PBXFileReference; lastKnownFileType = sourcecode.swift; path = ImageConstants.swift; sourceTree = "<group>"; };
		BE27264522F667AE003858E3 /* UIColor.swift */ = {isa = PBXFileReference; lastKnownFileType = sourcecode.swift; path = UIColor.swift; sourceTree = "<group>"; };
		BE27264722F669E2003858E3 /* ButtonCounterView.swift */ = {isa = PBXFileReference; lastKnownFileType = sourcecode.swift; path = ButtonCounterView.swift; sourceTree = "<group>"; wrapsLines = 0; };
		BE27264922F669EC003858E3 /* ButtonCounterView.xib */ = {isa = PBXFileReference; lastKnownFileType = file.xib; path = ButtonCounterView.xib; sourceTree = "<group>"; };
		BE27266C22F67F52003858E3 /* AddProductViewController.swift */ = {isa = PBXFileReference; lastKnownFileType = sourcecode.swift; path = AddProductViewController.swift; sourceTree = "<group>"; };
		BE27266D22F67F52003858E3 /* AddProductViewController.xib */ = {isa = PBXFileReference; lastKnownFileType = file.xib; path = AddProductViewController.xib; sourceTree = "<group>"; };
		BE3CC04F22F8BAE3005EC271 /* CircularRevealTransitionAnimator.swift */ = {isa = PBXFileReference; fileEncoding = 4; lastKnownFileType = sourcecode.swift; path = CircularRevealTransitionAnimator.swift; sourceTree = "<group>"; };
		BE3CC05022F8BAE3005EC271 /* CircularRevealAnimator.swift */ = {isa = PBXFileReference; fileEncoding = 4; lastKnownFileType = sourcecode.swift; path = CircularRevealAnimator.swift; sourceTree = "<group>"; };
		BE3CC05122F8BAE3005EC271 /* AnimationDelegate.swift */ = {isa = PBXFileReference; fileEncoding = 4; lastKnownFileType = sourcecode.swift; path = AnimationDelegate.swift; sourceTree = "<group>"; };
		BEDDF6182203E2D5005D3B25 /* CounterList.app */ = {isa = PBXFileReference; explicitFileType = wrapper.application; includeInIndex = 0; path = CounterList.app; sourceTree = BUILT_PRODUCTS_DIR; };
		BEDDF61B2203E2D5005D3B25 /* AppDelegate.swift */ = {isa = PBXFileReference; lastKnownFileType = sourcecode.swift; path = AppDelegate.swift; sourceTree = "<group>"; };
		BEDDF6252203E2D5005D3B25 /* Assets.xcassets */ = {isa = PBXFileReference; lastKnownFileType = folder.assetcatalog; path = Assets.xcassets; sourceTree = "<group>"; };
		BEDDF6282203E2D5005D3B25 /* Base */ = {isa = PBXFileReference; lastKnownFileType = file.storyboard; name = Base; path = Base.lproj/LaunchScreen.storyboard; sourceTree = "<group>"; };
		BEDDF62A2203E2D5005D3B25 /* Info.plist */ = {isa = PBXFileReference; lastKnownFileType = text.plist.xml; path = Info.plist; sourceTree = "<group>"; };
		BEDDF62F2203E2D6005D3B25 /* CounterListTests.xctest */ = {isa = PBXFileReference; explicitFileType = wrapper.cfbundle; includeInIndex = 0; path = CounterListTests.xctest; sourceTree = BUILT_PRODUCTS_DIR; };
		BEDDF6332203E2D6005D3B25 /* CounterListTests.swift */ = {isa = PBXFileReference; lastKnownFileType = sourcecode.swift; path = CounterListTests.swift; sourceTree = "<group>"; };
		BEDDF6352203E2D6005D3B25 /* Info.plist */ = {isa = PBXFileReference; lastKnownFileType = text.plist.xml; path = Info.plist; sourceTree = "<group>"; };
		BEDDF63A2203E2D6005D3B25 /* CounterListUITests.xctest */ = {isa = PBXFileReference; explicitFileType = wrapper.cfbundle; includeInIndex = 0; path = CounterListUITests.xctest; sourceTree = BUILT_PRODUCTS_DIR; };
		BEDDF63E2203E2D6005D3B25 /* CounterListUITests.swift */ = {isa = PBXFileReference; lastKnownFileType = sourcecode.swift; path = CounterListUITests.swift; sourceTree = "<group>"; };
		BEDDF6402203E2D6005D3B25 /* Info.plist */ = {isa = PBXFileReference; lastKnownFileType = text.plist.xml; path = Info.plist; sourceTree = "<group>"; };
		BEDDF68A2203EF97005D3B25 /* ProductListService.swift */ = {isa = PBXFileReference; lastKnownFileType = sourcecode.swift; path = ProductListService.swift; sourceTree = "<group>"; };
		BEDDF68E2203EFBF005D3B25 /* Product.swift */ = {isa = PBXFileReference; lastKnownFileType = sourcecode.swift; path = Product.swift; sourceTree = "<group>"; };
		BEDDF6922203F21D005D3B25 /* ProductListViewController.swift */ = {isa = PBXFileReference; lastKnownFileType = sourcecode.swift; path = ProductListViewController.swift; sourceTree = "<group>"; };
		BEDDF6932203F21D005D3B25 /* ProductListViewController.xib */ = {isa = PBXFileReference; lastKnownFileType = file.xib; path = ProductListViewController.xib; sourceTree = "<group>"; };
		BEDDF69F2203F3B4005D3B25 /* GetProductList.swift */ = {isa = PBXFileReference; lastKnownFileType = sourcecode.swift; path = GetProductList.swift; sourceTree = "<group>"; };
		BEDDF6A52203F580005D3B25 /* ProductList.swift */ = {isa = PBXFileReference; lastKnownFileType = sourcecode.swift; path = ProductList.swift; sourceTree = "<group>"; };
		BEDDF6B722040087005D3B25 /* ProductListInteractor.swift */ = {isa = PBXFileReference; lastKnownFileType = sourcecode.swift; path = ProductListInteractor.swift; sourceTree = "<group>"; };
		BEDDF6B9220400D6005D3B25 /* ProductListPresenter.swift */ = {isa = PBXFileReference; lastKnownFileType = sourcecode.swift; path = ProductListPresenter.swift; sourceTree = "<group>"; };
		BEDDF6BB22040110005D3B25 /* ProductListRouter.swift */ = {isa = PBXFileReference; lastKnownFileType = sourcecode.swift; path = ProductListRouter.swift; sourceTree = "<group>"; };
		BEDDF6CE220503AD005D3B25 /* UICollectionViewCell.swift */ = {isa = PBXFileReference; lastKnownFileType = sourcecode.swift; path = UICollectionViewCell.swift; sourceTree = "<group>"; };
		BEDDF6D122050486005D3B25 /* BaseViewController.swift */ = {isa = PBXFileReference; lastKnownFileType = sourcecode.swift; path = BaseViewController.swift; sourceTree = "<group>"; };
		BEDDF6D7220508CC005D3B25 /* Theme.swift */ = {isa = PBXFileReference; lastKnownFileType = sourcecode.swift; path = Theme.swift; sourceTree = "<group>"; };
		BEDDF6D922050BB4005D3B25 /* UIView.swift */ = {isa = PBXFileReference; lastKnownFileType = sourcecode.swift; path = UIView.swift; sourceTree = "<group>"; };
		BEDDF6DD220512C6005D3B25 /* ProductViewModel.swift */ = {isa = PBXFileReference; lastKnownFileType = sourcecode.swift; path = ProductViewModel.swift; sourceTree = "<group>"; };
		BEDDF6E022051BED005D3B25 /* Assembler.swift */ = {isa = PBXFileReference; lastKnownFileType = sourcecode.swift; path = Assembler.swift; sourceTree = "<group>"; };
		BEDDF6E52208F6D1005D3B25 /* IncrementProductCounter.swift */ = {isa = PBXFileReference; lastKnownFileType = sourcecode.swift; path = IncrementProductCounter.swift; sourceTree = "<group>"; };
		BEDDF6E72208F789005D3B25 /* IncrementProductService.swift */ = {isa = PBXFileReference; lastKnownFileType = sourcecode.swift; path = IncrementProductService.swift; sourceTree = "<group>"; };
		BEDDF6ED2208FBE4005D3B25 /* DecrementProductCounter.swift */ = {isa = PBXFileReference; lastKnownFileType = sourcecode.swift; path = DecrementProductCounter.swift; sourceTree = "<group>"; };
		BEDDF6EF2208FC02005D3B25 /* DecrementProductService.swift */ = {isa = PBXFileReference; lastKnownFileType = sourcecode.swift; path = DecrementProductService.swift; sourceTree = "<group>"; };
		BEDDF6F22208FF84005D3B25 /* BaseParser.swift */ = {isa = PBXFileReference; fileEncoding = 4; lastKnownFileType = sourcecode.swift; path = BaseParser.swift; sourceTree = "<group>"; };
		BEDDF6F32208FF84005D3B25 /* BaseService.swift */ = {isa = PBXFileReference; fileEncoding = 4; lastKnownFileType = sourcecode.swift; path = BaseService.swift; sourceTree = "<group>"; };
		BEDDF6F622090184005D3B25 /* ContentType.swift */ = {isa = PBXFileReference; lastKnownFileType = sourcecode.swift; path = ContentType.swift; sourceTree = "<group>"; };
		BEDDF6F82209029E005D3B25 /* DeleteProduct.swift */ = {isa = PBXFileReference; lastKnownFileType = sourcecode.swift; path = DeleteProduct.swift; sourceTree = "<group>"; };
		BEDDF6FA220903CE005D3B25 /* DeleteProductService.swift */ = {isa = PBXFileReference; lastKnownFileType = sourcecode.swift; path = DeleteProductService.swift; sourceTree = "<group>"; };
		BEDDF70022090AA7005D3B25 /* en */ = {isa = PBXFileReference; lastKnownFileType = text.plist.strings; name = en; path = en.lproj/Localizable.strings; sourceTree = "<group>"; };
		BEDDF70322090B29005D3B25 /* LocalizationManager.swift */ = {isa = PBXFileReference; fileEncoding = 4; lastKnownFileType = sourcecode.swift; path = LocalizationManager.swift; sourceTree = "<group>"; };
		BEDDF70522090BBC005D3B25 /* AppConstants.swift */ = {isa = PBXFileReference; lastKnownFileType = sourcecode.swift; path = AppConstants.swift; sourceTree = "<group>"; };
		BEDDF70722090BF9005D3B25 /* String.swift */ = {isa = PBXFileReference; lastKnownFileType = sourcecode.swift; path = String.swift; sourceTree = "<group>"; };
		BEDDF70922091364005D3B25 /* AddProduct.swift */ = {isa = PBXFileReference; lastKnownFileType = sourcecode.swift; path = AddProduct.swift; sourceTree = "<group>"; };
		BEDDF70B2209139B005D3B25 /* AddProductService.swift */ = {isa = PBXFileReference; lastKnownFileType = sourcecode.swift; path = AddProductService.swift; sourceTree = "<group>"; };
		BEDDF70D2209199E005D3B25 /* EndpointManager.swift */ = {isa = PBXFileReference; lastKnownFileType = sourcecode.swift; path = EndpointManager.swift; sourceTree = "<group>"; };
		BEDDF70F22091A3D005D3B25 /* Endpoints.plist */ = {isa = PBXFileReference; lastKnownFileType = text.plist.xml; path = Endpoints.plist; sourceTree = "<group>"; };
		BEDDF719220928B7005D3B25 /* Array.swift */ = {isa = PBXFileReference; lastKnownFileType = sourcecode.swift; path = Array.swift; sourceTree = "<group>"; };
		BEDDF71B22092B5C005D3B25 /* ArrayExtensionTests.swift */ = {isa = PBXFileReference; lastKnownFileType = sourcecode.swift; path = ArrayExtensionTests.swift; sourceTree = "<group>"; };
		BEDDF71F22094CC6005D3B25 /* ProductListPresenterTests.swift */ = {isa = PBXFileReference; lastKnownFileType = sourcecode.swift; path = ProductListPresenterTests.swift; sourceTree = "<group>"; };
		BEDDF72222094D08005D3B25 /* ProductListRouterMock.swift */ = {isa = PBXFileReference; lastKnownFileType = sourcecode.swift; path = ProductListRouterMock.swift; sourceTree = "<group>"; };
		BEDDF72422094E1C005D3B25 /* ProductListInteractorMock.swift */ = {isa = PBXFileReference; lastKnownFileType = sourcecode.swift; path = ProductListInteractorMock.swift; sourceTree = "<group>"; };
		BEDDF7262209506E005D3B25 /* ProductListViewMock.swift */ = {isa = PBXFileReference; lastKnownFileType = sourcecode.swift; path = ProductListViewMock.swift; sourceTree = "<group>"; };
		BEDDF72822095378005D3B25 /* ProductListServiceTests.swift */ = {isa = PBXFileReference; lastKnownFileType = sourcecode.swift; path = ProductListServiceTests.swift; sourceTree = "<group>"; };
		BEDDF72A22095855005D3B25 /* Stub.swift */ = {isa = PBXFileReference; lastKnownFileType = sourcecode.swift; path = Stub.swift; sourceTree = "<group>"; };
		BEDDF72C22095B23005D3B25 /* GeneralTestsStubSetup.swift */ = {isa = PBXFileReference; lastKnownFileType = sourcecode.swift; path = GeneralTestsStubSetup.swift; sourceTree = "<group>"; };
		BEDDF72E22095B60005D3B25 /* CommonUnitTestsConstants.swift */ = {isa = PBXFileReference; lastKnownFileType = sourcecode.swift; path = CommonUnitTestsConstants.swift; sourceTree = "<group>"; };
		BEDDF73122095CA4005D3B25 /* GetProductsSuccessStub.json */ = {isa = PBXFileReference; lastKnownFileType = text.json; path = GetProductsSuccessStub.json; sourceTree = "<group>"; };
		BEDDF738220A32E1005D3B25 /* UITableView.swift */ = {isa = PBXFileReference; lastKnownFileType = sourcecode.swift; path = UITableView.swift; sourceTree = "<group>"; };
		ECAA0BD4E65732DAD979F1E4 /* Pods-CounterList.debug.xcconfig */ = {isa = PBXFileReference; includeInIndex = 1; lastKnownFileType = text.xcconfig; name = "Pods-CounterList.debug.xcconfig"; path = "Pods/Target Support Files/Pods-CounterList/Pods-CounterList.debug.xcconfig"; sourceTree = "<group>"; };
		EDAD61319CD92AA4BFE8724D /* Pods-CounterListTests.debug.xcconfig */ = {isa = PBXFileReference; includeInIndex = 1; lastKnownFileType = text.xcconfig; name = "Pods-CounterListTests.debug.xcconfig"; path = "Pods/Target Support Files/Pods-CounterListTests/Pods-CounterListTests.debug.xcconfig"; sourceTree = "<group>"; };
/* End PBXFileReference section */

/* Begin PBXFrameworksBuildPhase section */
		BEDDF6152203E2D5005D3B25 /* Frameworks */ = {
			isa = PBXFrameworksBuildPhase;
			buildActionMask = 2147483647;
			files = (
				478A75685EAB1DB947E338A6 /* Pods_CounterList.framework in Frameworks */,
			);
			runOnlyForDeploymentPostprocessing = 0;
		};
		BEDDF62C2203E2D5005D3B25 /* Frameworks */ = {
			isa = PBXFrameworksBuildPhase;
			buildActionMask = 2147483647;
			files = (
				9FF8FF2BF96BF22CD447272D /* Pods_CounterListTests.framework in Frameworks */,
			);
			runOnlyForDeploymentPostprocessing = 0;
		};
		BEDDF6372203E2D6005D3B25 /* Frameworks */ = {
			isa = PBXFrameworksBuildPhase;
			buildActionMask = 2147483647;
			files = (
				071699F3F29291B6520373F1 /* Pods_CounterListUITests.framework in Frameworks */,
			);
			runOnlyForDeploymentPostprocessing = 0;
		};
/* End PBXFrameworksBuildPhase section */

/* Begin PBXGroup section */
		1114CB5B2F78BDC9B6DBFC30 /* Pods */ = {
			isa = PBXGroup;
			children = (
				ECAA0BD4E65732DAD979F1E4 /* Pods-CounterList.debug.xcconfig */,
				300116BF5F6928B796AEBCBB /* Pods-CounterList.release.xcconfig */,
				EDAD61319CD92AA4BFE8724D /* Pods-CounterListTests.debug.xcconfig */,
				1AD7733689F9A87219FA7363 /* Pods-CounterListTests.release.xcconfig */,
				7D804728C51BA45E41656BD6 /* Pods-CounterListUITests.debug.xcconfig */,
				9BAAAC7EF75921ADE79BFE57 /* Pods-CounterListUITests.release.xcconfig */,
			);
			name = Pods;
			sourceTree = "<group>";
		};
		55BF175435D2D2E455FCB698 /* Frameworks */ = {
			isa = PBXGroup;
			children = (
				A50D8F51205D061DA3DF63B5 /* Pods_CounterList.framework */,
				7A9EBDE5704434BA01F11648 /* Pods_CounterListTests.framework */,
				8BEDE49912BA8765200D7C93 /* Pods_CounterListUITests.framework */,
			);
			name = Frameworks;
			sourceTree = "<group>";
		};
		BE27262522F64406003858E3 /* AddProduct */ = {
			isa = PBXGroup;
			children = (
				BE27262A22F64425003858E3 /* Views */,
				BE27262922F6441F003858E3 /* Interactor */,
				BE27262822F64419003858E3 /* Presenter */,
				BE27262722F64413003858E3 /* Entity */,
				BE27262622F6440D003858E3 /* Router */,
			);
			path = AddProduct;
			sourceTree = "<group>";
		};
		BE27262622F6440D003858E3 /* Router */ = {
			isa = PBXGroup;
			children = (
				BE27263722F64500003858E3 /* AddProductRouter.swift */,
			);
			path = Router;
			sourceTree = "<group>";
		};
		BE27262722F64413003858E3 /* Entity */ = {
			isa = PBXGroup;
			children = (
				BE27263422F644DE003858E3 /* UseCases */,
				BE27263622F644ED003858E3 /* Model */,
				BE27263522F644E7003858E3 /* Service */,
			);
			path = Entity;
			sourceTree = "<group>";
		};
		BE27262822F64419003858E3 /* Presenter */ = {
			isa = PBXGroup;
			children = (
				BE27263222F644D3003858E3 /* AddProductPresenter.swift */,
			);
			path = Presenter;
			sourceTree = "<group>";
		};
		BE27262922F6441F003858E3 /* Interactor */ = {
			isa = PBXGroup;
			children = (
				BE27263022F644C5003858E3 /* AddProductInteractor.swift */,
			);
			path = Interactor;
			sourceTree = "<group>";
		};
		BE27262A22F64425003858E3 /* Views */ = {
			isa = PBXGroup;
			children = (
				BE27266C22F67F52003858E3 /* AddProductViewController.swift */,
				BE27266D22F67F52003858E3 /* AddProductViewController.xib */,
			);
			path = Views;
			sourceTree = "<group>";
		};
		BE27263422F644DE003858E3 /* UseCases */ = {
			isa = PBXGroup;
			children = (
			);
			path = UseCases;
			sourceTree = "<group>";
		};
		BE27263522F644E7003858E3 /* Service */ = {
			isa = PBXGroup;
			children = (
			);
			path = Service;
			sourceTree = "<group>";
		};
		BE27263622F644ED003858E3 /* Model */ = {
			isa = PBXGroup;
			children = (
			);
			path = Model;
			sourceTree = "<group>";
		};
		BE27263D22F65012003858E3 /* Custom */ = {
			isa = PBXGroup;
			children = (
			);
			path = Custom;
			sourceTree = "<group>";
		};
		BE27265E22F67A87003858E3 /* Animations */ = {
			isa = PBXGroup;
			children = (
				BE3CC05122F8BAE3005EC271 /* AnimationDelegate.swift */,
				BE3CC05022F8BAE3005EC271 /* CircularRevealAnimator.swift */,
				BE3CC04F22F8BAE3005EC271 /* CircularRevealTransitionAnimator.swift */,
			);
			path = Animations;
			sourceTree = "<group>";
		};
		BE27267022F680E1003858E3 /* StoryBoards */ = {
			isa = PBXGroup;
			children = (
			);
			path = StoryBoards;
			sourceTree = "<group>";
		};
		BEDDF60F2203E2D5005D3B25 = {
			isa = PBXGroup;
			children = (
				BEDDF61A2203E2D5005D3B25 /* CounterList */,
				BEDDF6322203E2D6005D3B25 /* CounterListTests */,
				BEDDF63D2203E2D6005D3B25 /* CounterListUITests */,
				BEDDF6192203E2D5005D3B25 /* Products */,
				1114CB5B2F78BDC9B6DBFC30 /* Pods */,
				55BF175435D2D2E455FCB698 /* Frameworks */,
			);
			sourceTree = "<group>";
		};
		BEDDF6192203E2D5005D3B25 /* Products */ = {
			isa = PBXGroup;
			children = (
				BEDDF6182203E2D5005D3B25 /* CounterList.app */,
				BEDDF62F2203E2D6005D3B25 /* CounterListTests.xctest */,
				BEDDF63A2203E2D6005D3B25 /* CounterListUITests.xctest */,
			);
			name = Products;
			sourceTree = "<group>";
		};
		BEDDF61A2203E2D5005D3B25 /* CounterList */ = {
			isa = PBXGroup;
			children = (
				BEDDF61B2203E2D5005D3B25 /* AppDelegate.swift */,
				BEDDF6272203E2D5005D3B25 /* LaunchScreen.storyboard */,
				BEDDF62A2203E2D5005D3B25 /* Info.plist */,
				BEDDF6802203EF26005D3B25 /* Frameworks */,
				BEDDF64C2203E2F5005D3B25 /* Common */,
				BEDDF64D2203E2FC005D3B25 /* Modules */,
			);
			path = CounterList;
			sourceTree = "<group>";
		};
		BEDDF6322203E2D6005D3B25 /* CounterListTests */ = {
			isa = PBXGroup;
			children = (
				BEDDF71E22094CB4005D3B25 /* CommonTests */,
				BEDDF71D22094CA8005D3B25 /* ProductListTests */,
				BEDDF6332203E2D6005D3B25 /* CounterListTests.swift */,
				BEDDF6352203E2D6005D3B25 /* Info.plist */,
			);
			path = CounterListTests;
			sourceTree = "<group>";
		};
		BEDDF63D2203E2D6005D3B25 /* CounterListUITests */ = {
			isa = PBXGroup;
			children = (
				BEDDF63E2203E2D6005D3B25 /* CounterListUITests.swift */,
				BEDDF6402203E2D6005D3B25 /* Info.plist */,
			);
			path = CounterListUITests;
			sourceTree = "<group>";
		};
		BEDDF64C2203E2F5005D3B25 /* Common */ = {
			isa = PBXGroup;
			children = (
				BE27267022F680E1003858E3 /* StoryBoards */,
				BE27265E22F67A87003858E3 /* Animations */,
				BEDDF70222090B1B005D3B25 /* Managers */,
				BEDDF6FC22090A81005D3B25 /* Assets */,
				BEDDF6F12208FF7A005D3B25 /* Service */,
				BEDDF6DF22051BE0005D3B25 /* Assembler */,
				BEDDF6D6220508BF005D3B25 /* Theme */,
				BEDDF6D022050478005D3B25 /* Views */,
				BEDDF6CD2205032E005D3B25 /* Extensions */,
			);
			path = Common;
			sourceTree = "<group>";
		};
		BEDDF64D2203E2FC005D3B25 /* Modules */ = {
			isa = PBXGroup;
			children = (
				BE27262522F64406003858E3 /* AddProduct */,
				BEDDF64E2203E30B005D3B25 /* ProductList */,
			);
			path = Modules;
			sourceTree = "<group>";
		};
		BEDDF64E2203E30B005D3B25 /* ProductList */ = {
			isa = PBXGroup;
			children = (
				BEDDF6872203EF52005D3B25 /* Views */,
				BEDDF6B422040047005D3B25 /* Interactor */,
				BEDDF6B52204005A005D3B25 /* Presenter */,
				BEDDF6832203EF38005D3B25 /* Entity */,
				BEDDF6B622040066005D3B25 /* Router */,
			);
			path = ProductList;
			sourceTree = "<group>";
		};
		BEDDF6802203EF26005D3B25 /* Frameworks */ = {
			isa = PBXGroup;
			children = (
			);
			path = Frameworks;
			sourceTree = "<group>";
		};
		BEDDF6832203EF38005D3B25 /* Entity */ = {
			isa = PBXGroup;
			children = (
				BEDDF69E2203F39D005D3B25 /* UseCases */,
				BEDDF6852203EF43005D3B25 /* Model */,
				BEDDF6842203EF3D005D3B25 /* Service */,
			);
			path = Entity;
			sourceTree = "<group>";
		};
		BEDDF6842203EF3D005D3B25 /* Service */ = {
			isa = PBXGroup;
			children = (
				BEDDF68A2203EF97005D3B25 /* ProductListService.swift */,
				BEDDF6E72208F789005D3B25 /* IncrementProductService.swift */,
				BEDDF6EF2208FC02005D3B25 /* DecrementProductService.swift */,
				BEDDF6FA220903CE005D3B25 /* DeleteProductService.swift */,
				BEDDF70B2209139B005D3B25 /* AddProductService.swift */,
			);
			path = Service;
			sourceTree = "<group>";
		};
		BEDDF6852203EF43005D3B25 /* Model */ = {
			isa = PBXGroup;
			children = (
				BEDDF68E2203EFBF005D3B25 /* Product.swift */,
				BEDDF6A52203F580005D3B25 /* ProductList.swift */,
			);
			path = Model;
			sourceTree = "<group>";
		};
		BEDDF6872203EF52005D3B25 /* Views */ = {
			isa = PBXGroup;
			children = (
				BE27263D22F65012003858E3 /* Custom */,
				BEDDF6DC220512BB005D3B25 /* ViewModel */,
				BEDDF6C422050262005D3B25 /* Cells */,
				BEDDF6922203F21D005D3B25 /* ProductListViewController.swift */,
				BEDDF6932203F21D005D3B25 /* ProductListViewController.xib */,
			);
			path = Views;
			sourceTree = "<group>";
		};
		BEDDF69E2203F39D005D3B25 /* UseCases */ = {
			isa = PBXGroup;
			children = (
				BEDDF69F2203F3B4005D3B25 /* GetProductList.swift */,
				BEDDF6E52208F6D1005D3B25 /* IncrementProductCounter.swift */,
				BEDDF6ED2208FBE4005D3B25 /* DecrementProductCounter.swift */,
				BEDDF6F82209029E005D3B25 /* DeleteProduct.swift */,
				BEDDF70922091364005D3B25 /* AddProduct.swift */,
			);
			path = UseCases;
			sourceTree = "<group>";
		};
		BEDDF6B422040047005D3B25 /* Interactor */ = {
			isa = PBXGroup;
			children = (
				BEDDF6B722040087005D3B25 /* ProductListInteractor.swift */,
			);
			path = Interactor;
			sourceTree = "<group>";
		};
		BEDDF6B52204005A005D3B25 /* Presenter */ = {
			isa = PBXGroup;
			children = (
				BEDDF6B9220400D6005D3B25 /* ProductListPresenter.swift */,
			);
			path = Presenter;
			sourceTree = "<group>";
		};
		BEDDF6B622040066005D3B25 /* Router */ = {
			isa = PBXGroup;
			children = (
				BEDDF6BB22040110005D3B25 /* ProductListRouter.swift */,
			);
			path = Router;
			sourceTree = "<group>";
		};
		BEDDF6C422050262005D3B25 /* Cells */ = {
			isa = PBXGroup;
			children = (
				BE27263922F64DDB003858E3 /* ProductCollectionViewCell.swift */,
				BE27263A22F64DDB003858E3 /* ProductCollectionViewCell.xib */,
			);
			path = Cells;
			sourceTree = "<group>";
		};
		BEDDF6CD2205032E005D3B25 /* Extensions */ = {
			isa = PBXGroup;
			children = (
				BEDDF6CE220503AD005D3B25 /* UICollectionViewCell.swift */,
				BEDDF6D922050BB4005D3B25 /* UIView.swift */,
				BEDDF70722090BF9005D3B25 /* String.swift */,
				BEDDF719220928B7005D3B25 /* Array.swift */,
				BEDDF738220A32E1005D3B25 /* UITableView.swift */,
				BE27263E22F65299003858E3 /* UICollectionView.swift */,
				BE27264522F667AE003858E3 /* UIColor.swift */,
			);
			path = Extensions;
			sourceTree = "<group>";
		};
		BEDDF6D022050478005D3B25 /* Views */ = {
			isa = PBXGroup;
			children = (
				BEDDF6D122050486005D3B25 /* BaseViewController.swift */,
				BE27264722F669E2003858E3 /* ButtonCounterView.swift */,
				BE27264922F669EC003858E3 /* ButtonCounterView.xib */,
			);
			path = Views;
			sourceTree = "<group>";
		};
		BEDDF6D6220508BF005D3B25 /* Theme */ = {
			isa = PBXGroup;
			children = (
				BEDDF6D7220508CC005D3B25 /* Theme.swift */,
			);
			path = Theme;
			sourceTree = "<group>";
		};
		BEDDF6DC220512BB005D3B25 /* ViewModel */ = {
			isa = PBXGroup;
			children = (
				BEDDF6DD220512C6005D3B25 /* ProductViewModel.swift */,
			);
			path = ViewModel;
			sourceTree = "<group>";
		};
		BEDDF6DF22051BE0005D3B25 /* Assembler */ = {
			isa = PBXGroup;
			children = (
				BEDDF6E022051BED005D3B25 /* Assembler.swift */,
			);
			path = Assembler;
			sourceTree = "<group>";
		};
		BEDDF6F12208FF7A005D3B25 /* Service */ = {
			isa = PBXGroup;
			children = (
				BEDDF6F22208FF84005D3B25 /* BaseParser.swift */,
				BEDDF6F32208FF84005D3B25 /* BaseService.swift */,
				BEDDF6F622090184005D3B25 /* ContentType.swift */,
			);
			path = Service;
			sourceTree = "<group>";
		};
		BEDDF6FC22090A81005D3B25 /* Assets */ = {
			isa = PBXGroup;
			children = (
				BEDDF6252203E2D5005D3B25 /* Assets.xcassets */,
				BEDDF70122090AA7005D3B25 /* Localizable.strings */,
				BEDDF70522090BBC005D3B25 /* AppConstants.swift */,
				BEDDF70F22091A3D005D3B25 /* Endpoints.plist */,
				BE27264322F65A7E003858E3 /* ImageConstants.swift */,
			);
			path = Assets;
			sourceTree = "<group>";
		};
		BEDDF70222090B1B005D3B25 /* Managers */ = {
			isa = PBXGroup;
			children = (
				BEDDF70322090B29005D3B25 /* LocalizationManager.swift */,
				BEDDF70D2209199E005D3B25 /* EndpointManager.swift */,
			);
			path = Managers;
			sourceTree = "<group>";
		};
		BEDDF71D22094CA8005D3B25 /* ProductListTests */ = {
			isa = PBXGroup;
			children = (
				BEDDF73022095C84005D3B25 /* Stubs */,
				BEDDF72122094CEB005D3B25 /* Mocks */,
				BEDDF71F22094CC6005D3B25 /* ProductListPresenterTests.swift */,
				BEDDF72822095378005D3B25 /* ProductListServiceTests.swift */,
			);
			path = ProductListTests;
			sourceTree = "<group>";
		};
		BEDDF71E22094CB4005D3B25 /* CommonTests */ = {
			isa = PBXGroup;
			children = (
				BEDDF71B22092B5C005D3B25 /* ArrayExtensionTests.swift */,
				BEDDF72A22095855005D3B25 /* Stub.swift */,
				BEDDF72C22095B23005D3B25 /* GeneralTestsStubSetup.swift */,
				BEDDF72E22095B60005D3B25 /* CommonUnitTestsConstants.swift */,
			);
			path = CommonTests;
			sourceTree = "<group>";
		};
		BEDDF72122094CEB005D3B25 /* Mocks */ = {
			isa = PBXGroup;
			children = (
				BEDDF72222094D08005D3B25 /* ProductListRouterMock.swift */,
				BEDDF72422094E1C005D3B25 /* ProductListInteractorMock.swift */,
				BEDDF7262209506E005D3B25 /* ProductListViewMock.swift */,
			);
			path = Mocks;
			sourceTree = "<group>";
		};
		BEDDF73022095C84005D3B25 /* Stubs */ = {
			isa = PBXGroup;
			children = (
				BEDDF73122095CA4005D3B25 /* GetProductsSuccessStub.json */,
			);
			path = Stubs;
			sourceTree = "<group>";
		};
/* End PBXGroup section */

/* Begin PBXNativeTarget section */
		BEDDF6172203E2D5005D3B25 /* CounterList */ = {
			isa = PBXNativeTarget;
			buildConfigurationList = BEDDF6432203E2D6005D3B25 /* Build configuration list for PBXNativeTarget "CounterList" */;
			buildPhases = (
				4137FA32535ACC144416E75C /* [CP] Check Pods Manifest.lock */,
				BEDDF6142203E2D5005D3B25 /* Sources */,
				BEDDF6152203E2D5005D3B25 /* Frameworks */,
				BEDDF6162203E2D5005D3B25 /* Resources */,
				BEDDF6AF2203F934005D3B25 /* Embed Frameworks */,
				2866C70AF3B405FF93F5106A /* [CP] Embed Pods Frameworks */,
				FA9D8A97CE9CDB05842F89AE /* [CP] Copy Pods Resources */,
			);
			buildRules = (
			);
			dependencies = (
			);
			name = CounterList;
			productName = CounterList;
			productReference = BEDDF6182203E2D5005D3B25 /* CounterList.app */;
			productType = "com.apple.product-type.application";
		};
		BEDDF62E2203E2D5005D3B25 /* CounterListTests */ = {
			isa = PBXNativeTarget;
			buildConfigurationList = BEDDF6462203E2D6005D3B25 /* Build configuration list for PBXNativeTarget "CounterListTests" */;
			buildPhases = (
				2D82E4099882C7C3665625C0 /* [CP] Check Pods Manifest.lock */,
				BEDDF62B2203E2D5005D3B25 /* Sources */,
				BEDDF62C2203E2D5005D3B25 /* Frameworks */,
				BEDDF62D2203E2D5005D3B25 /* Resources */,
				C41D8759BE42F91E0370F747 /* [CP] Embed Pods Frameworks */,
				AC169F1D58C972C13D9A983E /* [CP] Copy Pods Resources */,
			);
			buildRules = (
			);
			dependencies = (
				BEDDF6312203E2D6005D3B25 /* PBXTargetDependency */,
			);
			name = CounterListTests;
			productName = CounterListTests;
			productReference = BEDDF62F2203E2D6005D3B25 /* CounterListTests.xctest */;
			productType = "com.apple.product-type.bundle.unit-test";
		};
		BEDDF6392203E2D6005D3B25 /* CounterListUITests */ = {
			isa = PBXNativeTarget;
			buildConfigurationList = BEDDF6492203E2D6005D3B25 /* Build configuration list for PBXNativeTarget "CounterListUITests" */;
			buildPhases = (
				5807E83B835D527168A41137 /* [CP] Check Pods Manifest.lock */,
				BEDDF6362203E2D6005D3B25 /* Sources */,
				BEDDF6372203E2D6005D3B25 /* Frameworks */,
				BEDDF6382203E2D6005D3B25 /* Resources */,
				9B3DEDAF4CD1398BB4ED0681 /* [CP] Embed Pods Frameworks */,
				F3D6A2EA496B53AADA25A7CC /* [CP] Copy Pods Resources */,
			);
			buildRules = (
			);
			dependencies = (
				BEDDF63C2203E2D6005D3B25 /* PBXTargetDependency */,
			);
			name = CounterListUITests;
			productName = CounterListUITests;
			productReference = BEDDF63A2203E2D6005D3B25 /* CounterListUITests.xctest */;
			productType = "com.apple.product-type.bundle.ui-testing";
		};
/* End PBXNativeTarget section */

/* Begin PBXProject section */
		BEDDF6102203E2D5005D3B25 /* Project object */ = {
			isa = PBXProject;
			attributes = {
				LastSwiftUpdateCheck = 1000;
				LastUpgradeCheck = 1000;
				ORGANIZATIONNAME = Cornershop;
				TargetAttributes = {
					BEDDF6172203E2D5005D3B25 = {
						CreatedOnToolsVersion = 10.0;
					};
					BEDDF62E2203E2D5005D3B25 = {
						CreatedOnToolsVersion = 10.0;
						TestTargetID = BEDDF6172203E2D5005D3B25;
					};
					BEDDF6392203E2D6005D3B25 = {
						CreatedOnToolsVersion = 10.0;
						TestTargetID = BEDDF6172203E2D5005D3B25;
					};
				};
			};
			buildConfigurationList = BEDDF6132203E2D5005D3B25 /* Build configuration list for PBXProject "CounterList" */;
			compatibilityVersion = "Xcode 9.3";
			developmentRegion = en;
			hasScannedForEncodings = 0;
			knownRegions = (
				en,
				Base,
			);
			mainGroup = BEDDF60F2203E2D5005D3B25;
			productRefGroup = BEDDF6192203E2D5005D3B25 /* Products */;
			projectDirPath = "";
			projectRoot = "";
			targets = (
				BEDDF6172203E2D5005D3B25 /* CounterList */,
				BEDDF62E2203E2D5005D3B25 /* CounterListTests */,
				BEDDF6392203E2D6005D3B25 /* CounterListUITests */,
			);
		};
/* End PBXProject section */

/* Begin PBXResourcesBuildPhase section */
		BEDDF6162203E2D5005D3B25 /* Resources */ = {
			isa = PBXResourcesBuildPhase;
			buildActionMask = 2147483647;
			files = (
				BEDDF6FF22090AA7005D3B25 /* Localizable.strings in Resources */,
				BEDDF71022091A3D005D3B25 /* Endpoints.plist in Resources */,
				BE27263C22F64DDB003858E3 /* ProductCollectionViewCell.xib in Resources */,
				BEDDF6292203E2D5005D3B25 /* LaunchScreen.storyboard in Resources */,
				BE27264A22F669EC003858E3 /* ButtonCounterView.xib in Resources */,
				BEDDF6952203F21D005D3B25 /* ProductListViewController.xib in Resources */,
				BEDDF6262203E2D5005D3B25 /* Assets.xcassets in Resources */,
				BE27266F22F67F52003858E3 /* AddProductViewController.xib in Resources */,
			);
			runOnlyForDeploymentPostprocessing = 0;
		};
		BEDDF62D2203E2D5005D3B25 /* Resources */ = {
			isa = PBXResourcesBuildPhase;
			buildActionMask = 2147483647;
			files = (
				BEDDF73222095CA4005D3B25 /* GetProductsSuccessStub.json in Resources */,
			);
			runOnlyForDeploymentPostprocessing = 0;
		};
		BEDDF6382203E2D6005D3B25 /* Resources */ = {
			isa = PBXResourcesBuildPhase;
			buildActionMask = 2147483647;
			files = (
			);
			runOnlyForDeploymentPostprocessing = 0;
		};
/* End PBXResourcesBuildPhase section */

/* Begin PBXShellScriptBuildPhase section */
		2866C70AF3B405FF93F5106A /* [CP] Embed Pods Frameworks */ = {
			isa = PBXShellScriptBuildPhase;
			buildActionMask = 2147483647;
			files = (
			);
			inputPaths = (
				"${SRCROOT}/Pods/Target Support Files/Pods-CounterList/Pods-CounterList-frameworks.sh",
				"${BUILT_PRODUCTS_DIR}/SkyFloatingLabelTextField/SkyFloatingLabelTextField.framework",
			);
			name = "[CP] Embed Pods Frameworks";
			outputPaths = (
				"${TARGET_BUILD_DIR}/${FRAMEWORKS_FOLDER_PATH}/SkyFloatingLabelTextField.framework",
			);
			runOnlyForDeploymentPostprocessing = 0;
			shellPath = /bin/sh;
			shellScript = "\"${SRCROOT}/Pods/Target Support Files/Pods-CounterList/Pods-CounterList-frameworks.sh\"\n";
			showEnvVarsInLog = 0;
		};
		2D82E4099882C7C3665625C0 /* [CP] Check Pods Manifest.lock */ = {
			isa = PBXShellScriptBuildPhase;
			buildActionMask = 2147483647;
			files = (
			);
			inputPaths = (
				"${PODS_PODFILE_DIR_PATH}/Podfile.lock",
				"${PODS_ROOT}/Manifest.lock",
			);
			name = "[CP] Check Pods Manifest.lock";
			outputPaths = (
				"$(DERIVED_FILE_DIR)/Pods-CounterListTests-checkManifestLockResult.txt",
			);
			runOnlyForDeploymentPostprocessing = 0;
			shellPath = /bin/sh;
			shellScript = "diff \"${PODS_PODFILE_DIR_PATH}/Podfile.lock\" \"${PODS_ROOT}/Manifest.lock\" > /dev/null\nif [ $? != 0 ] ; then\n    # print error to STDERR\n    echo \"error: The sandbox is not in sync with the Podfile.lock. Run 'pod install' or update your CocoaPods installation.\" >&2\n    exit 1\nfi\n# This output is used by Xcode 'outputs' to avoid re-running this script phase.\necho \"SUCCESS\" > \"${SCRIPT_OUTPUT_FILE_0}\"\n";
			showEnvVarsInLog = 0;
		};
		4137FA32535ACC144416E75C /* [CP] Check Pods Manifest.lock */ = {
			isa = PBXShellScriptBuildPhase;
			buildActionMask = 2147483647;
			files = (
			);
			inputPaths = (
				"${PODS_PODFILE_DIR_PATH}/Podfile.lock",
				"${PODS_ROOT}/Manifest.lock",
			);
			name = "[CP] Check Pods Manifest.lock";
			outputPaths = (
				"$(DERIVED_FILE_DIR)/Pods-CounterList-checkManifestLockResult.txt",
			);
			runOnlyForDeploymentPostprocessing = 0;
			shellPath = /bin/sh;
			shellScript = "diff \"${PODS_PODFILE_DIR_PATH}/Podfile.lock\" \"${PODS_ROOT}/Manifest.lock\" > /dev/null\nif [ $? != 0 ] ; then\n    # print error to STDERR\n    echo \"error: The sandbox is not in sync with the Podfile.lock. Run 'pod install' or update your CocoaPods installation.\" >&2\n    exit 1\nfi\n# This output is used by Xcode 'outputs' to avoid re-running this script phase.\necho \"SUCCESS\" > \"${SCRIPT_OUTPUT_FILE_0}\"\n";
			showEnvVarsInLog = 0;
		};
		5807E83B835D527168A41137 /* [CP] Check Pods Manifest.lock */ = {
			isa = PBXShellScriptBuildPhase;
			buildActionMask = 2147483647;
			files = (
			);
			inputPaths = (
				"${PODS_PODFILE_DIR_PATH}/Podfile.lock",
				"${PODS_ROOT}/Manifest.lock",
			);
			name = "[CP] Check Pods Manifest.lock";
			outputPaths = (
				"$(DERIVED_FILE_DIR)/Pods-CounterListUITests-checkManifestLockResult.txt",
			);
			runOnlyForDeploymentPostprocessing = 0;
			shellPath = /bin/sh;
			shellScript = "diff \"${PODS_PODFILE_DIR_PATH}/Podfile.lock\" \"${PODS_ROOT}/Manifest.lock\" > /dev/null\nif [ $? != 0 ] ; then\n    # print error to STDERR\n    echo \"error: The sandbox is not in sync with the Podfile.lock. Run 'pod install' or update your CocoaPods installation.\" >&2\n    exit 1\nfi\n# This output is used by Xcode 'outputs' to avoid re-running this script phase.\necho \"SUCCESS\" > \"${SCRIPT_OUTPUT_FILE_0}\"\n";
			showEnvVarsInLog = 0;
		};
		9B3DEDAF4CD1398BB4ED0681 /* [CP] Embed Pods Frameworks */ = {
			isa = PBXShellScriptBuildPhase;
			buildActionMask = 2147483647;
			files = (
			);
			inputPaths = (
			);
			name = "[CP] Embed Pods Frameworks";
			outputPaths = (
			);
			runOnlyForDeploymentPostprocessing = 0;
			shellPath = /bin/sh;
			shellScript = "\"${SRCROOT}/Pods/Target Support Files/Pods-CounterListUITests/Pods-CounterListUITests-frameworks.sh\"\n";
			showEnvVarsInLog = 0;
		};
		AC169F1D58C972C13D9A983E /* [CP] Copy Pods Resources */ = {
			isa = PBXShellScriptBuildPhase;
			buildActionMask = 2147483647;
			files = (
			);
			inputPaths = (
			);
			name = "[CP] Copy Pods Resources";
			outputPaths = (
			);
			runOnlyForDeploymentPostprocessing = 0;
			shellPath = /bin/sh;
			shellScript = "\"${SRCROOT}/Pods/Target Support Files/Pods-CounterListTests/Pods-CounterListTests-resources.sh\"\n";
			showEnvVarsInLog = 0;
		};
		C41D8759BE42F91E0370F747 /* [CP] Embed Pods Frameworks */ = {
			isa = PBXShellScriptBuildPhase;
			buildActionMask = 2147483647;
			files = (
			);
			inputPaths = (
				"${SRCROOT}/Pods/Target Support Files/Pods-CounterListTests/Pods-CounterListTests-frameworks.sh",
				"${BUILT_PRODUCTS_DIR}/OHHTTPStubs/OHHTTPStubs.framework",
			);
			name = "[CP] Embed Pods Frameworks";
			outputPaths = (
				"${TARGET_BUILD_DIR}/${FRAMEWORKS_FOLDER_PATH}/OHHTTPStubs.framework",
			);
			runOnlyForDeploymentPostprocessing = 0;
			shellPath = /bin/sh;
			shellScript = "\"${SRCROOT}/Pods/Target Support Files/Pods-CounterListTests/Pods-CounterListTests-frameworks.sh\"\n";
			showEnvVarsInLog = 0;
		};
		F3D6A2EA496B53AADA25A7CC /* [CP] Copy Pods Resources */ = {
			isa = PBXShellScriptBuildPhase;
			buildActionMask = 2147483647;
			files = (
			);
			inputPaths = (
			);
			name = "[CP] Copy Pods Resources";
			outputPaths = (
			);
			runOnlyForDeploymentPostprocessing = 0;
			shellPath = /bin/sh;
			shellScript = "\"${SRCROOT}/Pods/Target Support Files/Pods-CounterListUITests/Pods-CounterListUITests-resources.sh\"\n";
			showEnvVarsInLog = 0;
		};
		FA9D8A97CE9CDB05842F89AE /* [CP] Copy Pods Resources */ = {
			isa = PBXShellScriptBuildPhase;
			buildActionMask = 2147483647;
			files = (
			);
			inputPaths = (
			);
			name = "[CP] Copy Pods Resources";
			outputPaths = (
			);
			runOnlyForDeploymentPostprocessing = 0;
			shellPath = /bin/sh;
			shellScript = "\"${SRCROOT}/Pods/Target Support Files/Pods-CounterList/Pods-CounterList-resources.sh\"\n";
			showEnvVarsInLog = 0;
		};
/* End PBXShellScriptBuildPhase section */

/* Begin PBXSourcesBuildPhase section */
		BEDDF6142203E2D5005D3B25 /* Sources */ = {
			isa = PBXSourcesBuildPhase;
			buildActionMask = 2147483647;
			files = (
				BEDDF6EE2208FBE4005D3B25 /* DecrementProductCounter.swift in Sources */,
				BEDDF6FB220903CE005D3B25 /* DeleteProductService.swift in Sources */,
				BEDDF739220A32E1005D3B25 /* UITableView.swift in Sources */,
				BEDDF6DE220512C6005D3B25 /* ProductViewModel.swift in Sources */,
				BEDDF6DA22050BB4005D3B25 /* UIView.swift in Sources */,
				BEDDF6D222050486005D3B25 /* BaseViewController.swift in Sources */,
				BEDDF68B2203EF97005D3B25 /* ProductListService.swift in Sources */,
				BE27264422F65A7E003858E3 /* ImageConstants.swift in Sources */,
				BEDDF6E122051BED005D3B25 /* Assembler.swift in Sources */,
				BE27263122F644C5003858E3 /* AddProductInteractor.swift in Sources */,
				BEDDF71A220928B7005D3B25 /* Array.swift in Sources */,
				BEDDF6BA220400D6005D3B25 /* ProductListPresenter.swift in Sources */,
				BEDDF6E82208F789005D3B25 /* IncrementProductService.swift in Sources */,
				BE3CC05422F8BAE3005EC271 /* AnimationDelegate.swift in Sources */,
				BEDDF6A02203F3B4005D3B25 /* GetProductList.swift in Sources */,
				BE27263B22F64DDB003858E3 /* ProductCollectionViewCell.swift in Sources */,
				BE27266E22F67F52003858E3 /* AddProductViewController.swift in Sources */,
				BEDDF6BC22040110005D3B25 /* ProductListRouter.swift in Sources */,
				BEDDF70E2209199E005D3B25 /* EndpointManager.swift in Sources */,
				BEDDF70822090BF9005D3B25 /* String.swift in Sources */,
				BE3CC05222F8BAE3005EC271 /* CircularRevealTransitionAnimator.swift in Sources */,
				BEDDF70C2209139B005D3B25 /* AddProductService.swift in Sources */,
				BE27263F22F65299003858E3 /* UICollectionView.swift in Sources */,
				BEDDF6E62208F6D1005D3B25 /* IncrementProductCounter.swift in Sources */,
				BEDDF6942203F21D005D3B25 /* ProductListViewController.swift in Sources */,
				BEDDF6A62203F580005D3B25 /* ProductList.swift in Sources */,
				BEDDF70A22091364005D3B25 /* AddProduct.swift in Sources */,
				BEDDF68F2203EFBF005D3B25 /* Product.swift in Sources */,
				BEDDF6F02208FC02005D3B25 /* DecrementProductService.swift in Sources */,
				BEDDF6F42208FF84005D3B25 /* BaseParser.swift in Sources */,
				BEDDF6CF220503AD005D3B25 /* UICollectionViewCell.swift in Sources */,
				BE27264622F667AE003858E3 /* UIColor.swift in Sources */,
				BEDDF6D8220508CC005D3B25 /* Theme.swift in Sources */,
				BE3CC05322F8BAE3005EC271 /* CircularRevealAnimator.swift in Sources */,
				BEDDF6B822040087005D3B25 /* ProductListInteractor.swift in Sources */,
				BEDDF6F92209029E005D3B25 /* DeleteProduct.swift in Sources */,
				BEDDF70422090B29005D3B25 /* LocalizationManager.swift in Sources */,
				BE27263822F64500003858E3 /* AddProductRouter.swift in Sources */,
				BEDDF6F52208FF84005D3B25 /* BaseService.swift in Sources */,
				BE27264822F669E2003858E3 /* ButtonCounterView.swift in Sources */,
				BEDDF70622090BBC005D3B25 /* AppConstants.swift in Sources */,
				BE27263322F644D3003858E3 /* AddProductPresenter.swift in Sources */,
				BEDDF61C2203E2D5005D3B25 /* AppDelegate.swift in Sources */,
				BEDDF6F722090184005D3B25 /* ContentType.swift in Sources */,
			);
			runOnlyForDeploymentPostprocessing = 0;
		};
		BEDDF62B2203E2D5005D3B25 /* Sources */ = {
			isa = PBXSourcesBuildPhase;
			buildActionMask = 2147483647;
			files = (
				BEDDF72522094E1C005D3B25 /* ProductListInteractorMock.swift in Sources */,
				BEDDF6342203E2D6005D3B25 /* CounterListTests.swift in Sources */,
				BEDDF71C22092B5C005D3B25 /* ArrayExtensionTests.swift in Sources */,
				BEDDF72B22095855005D3B25 /* Stub.swift in Sources */,
				BEDDF72322094D08005D3B25 /* ProductListRouterMock.swift in Sources */,
				BEDDF72922095378005D3B25 /* ProductListServiceTests.swift in Sources */,
				BEDDF7272209506E005D3B25 /* ProductListViewMock.swift in Sources */,
				BEDDF72022094CC6005D3B25 /* ProductListPresenterTests.swift in Sources */,
				BEDDF72F22095B60005D3B25 /* CommonUnitTestsConstants.swift in Sources */,
				BEDDF72D22095B23005D3B25 /* GeneralTestsStubSetup.swift in Sources */,
			);
			runOnlyForDeploymentPostprocessing = 0;
		};
		BEDDF6362203E2D6005D3B25 /* Sources */ = {
			isa = PBXSourcesBuildPhase;
			buildActionMask = 2147483647;
			files = (
				BEDDF63F2203E2D6005D3B25 /* CounterListUITests.swift in Sources */,
			);
			runOnlyForDeploymentPostprocessing = 0;
		};
/* End PBXSourcesBuildPhase section */

/* Begin PBXTargetDependency section */
		BEDDF6312203E2D6005D3B25 /* PBXTargetDependency */ = {
			isa = PBXTargetDependency;
			target = BEDDF6172203E2D5005D3B25 /* CounterList */;
			targetProxy = BEDDF6302203E2D6005D3B25 /* PBXContainerItemProxy */;
		};
		BEDDF63C2203E2D6005D3B25 /* PBXTargetDependency */ = {
			isa = PBXTargetDependency;
			target = BEDDF6172203E2D5005D3B25 /* CounterList */;
			targetProxy = BEDDF63B2203E2D6005D3B25 /* PBXContainerItemProxy */;
		};
/* End PBXTargetDependency section */

/* Begin PBXVariantGroup section */
		BEDDF6272203E2D5005D3B25 /* LaunchScreen.storyboard */ = {
			isa = PBXVariantGroup;
			children = (
				BEDDF6282203E2D5005D3B25 /* Base */,
			);
			name = LaunchScreen.storyboard;
			sourceTree = "<group>";
		};
		BEDDF70122090AA7005D3B25 /* Localizable.strings */ = {
			isa = PBXVariantGroup;
			children = (
				BEDDF70022090AA7005D3B25 /* en */,
			);
			name = Localizable.strings;
			sourceTree = "<group>";
		};
/* End PBXVariantGroup section */

/* Begin XCBuildConfiguration section */
		BEDDF6412203E2D6005D3B25 /* Debug */ = {
			isa = XCBuildConfiguration;
			buildSettings = {
				ALWAYS_SEARCH_USER_PATHS = NO;
				CLANG_ANALYZER_NONNULL = YES;
				CLANG_ANALYZER_NUMBER_OBJECT_CONVERSION = YES_AGGRESSIVE;
				CLANG_CXX_LANGUAGE_STANDARD = "gnu++14";
				CLANG_CXX_LIBRARY = "libc++";
				CLANG_ENABLE_MODULES = YES;
				CLANG_ENABLE_OBJC_ARC = YES;
				CLANG_ENABLE_OBJC_WEAK = YES;
				CLANG_WARN_BLOCK_CAPTURE_AUTORELEASING = YES;
				CLANG_WARN_BOOL_CONVERSION = YES;
				CLANG_WARN_COMMA = YES;
				CLANG_WARN_CONSTANT_CONVERSION = YES;
				CLANG_WARN_DEPRECATED_OBJC_IMPLEMENTATIONS = YES;
				CLANG_WARN_DIRECT_OBJC_ISA_USAGE = YES_ERROR;
				CLANG_WARN_DOCUMENTATION_COMMENTS = YES;
				CLANG_WARN_EMPTY_BODY = YES;
				CLANG_WARN_ENUM_CONVERSION = YES;
				CLANG_WARN_INFINITE_RECURSION = YES;
				CLANG_WARN_INT_CONVERSION = YES;
				CLANG_WARN_NON_LITERAL_NULL_CONVERSION = YES;
				CLANG_WARN_OBJC_IMPLICIT_RETAIN_SELF = YES;
				CLANG_WARN_OBJC_LITERAL_CONVERSION = YES;
				CLANG_WARN_OBJC_ROOT_CLASS = YES_ERROR;
				CLANG_WARN_RANGE_LOOP_ANALYSIS = YES;
				CLANG_WARN_STRICT_PROTOTYPES = YES;
				CLANG_WARN_SUSPICIOUS_MOVE = YES;
				CLANG_WARN_UNGUARDED_AVAILABILITY = YES_AGGRESSIVE;
				CLANG_WARN_UNREACHABLE_CODE = YES;
				CLANG_WARN__DUPLICATE_METHOD_MATCH = YES;
				CODE_SIGN_IDENTITY = "iPhone Developer";
				COPY_PHASE_STRIP = NO;
				DEBUG_INFORMATION_FORMAT = dwarf;
				ENABLE_STRICT_OBJC_MSGSEND = YES;
				ENABLE_TESTABILITY = YES;
				GCC_C_LANGUAGE_STANDARD = gnu11;
				GCC_DYNAMIC_NO_PIC = NO;
				GCC_NO_COMMON_BLOCKS = YES;
				GCC_OPTIMIZATION_LEVEL = 0;
				GCC_PREPROCESSOR_DEFINITIONS = (
					"DEBUG=1",
					"$(inherited)",
				);
				GCC_WARN_64_TO_32_BIT_CONVERSION = YES;
				GCC_WARN_ABOUT_RETURN_TYPE = YES_ERROR;
				GCC_WARN_UNDECLARED_SELECTOR = YES;
				GCC_WARN_UNINITIALIZED_AUTOS = YES_AGGRESSIVE;
				GCC_WARN_UNUSED_FUNCTION = YES;
				GCC_WARN_UNUSED_VARIABLE = YES;
				IPHONEOS_DEPLOYMENT_TARGET = 12.0;
				MTL_ENABLE_DEBUG_INFO = INCLUDE_SOURCE;
				MTL_FAST_MATH = YES;
				ONLY_ACTIVE_ARCH = YES;
				SDKROOT = iphoneos;
				SWIFT_ACTIVE_COMPILATION_CONDITIONS = DEBUG;
				SWIFT_OPTIMIZATION_LEVEL = "-Onone";
			};
			name = Debug;
		};
		BEDDF6422203E2D6005D3B25 /* Release */ = {
			isa = XCBuildConfiguration;
			buildSettings = {
				ALWAYS_SEARCH_USER_PATHS = NO;
				CLANG_ANALYZER_NONNULL = YES;
				CLANG_ANALYZER_NUMBER_OBJECT_CONVERSION = YES_AGGRESSIVE;
				CLANG_CXX_LANGUAGE_STANDARD = "gnu++14";
				CLANG_CXX_LIBRARY = "libc++";
				CLANG_ENABLE_MODULES = YES;
				CLANG_ENABLE_OBJC_ARC = YES;
				CLANG_ENABLE_OBJC_WEAK = YES;
				CLANG_WARN_BLOCK_CAPTURE_AUTORELEASING = YES;
				CLANG_WARN_BOOL_CONVERSION = YES;
				CLANG_WARN_COMMA = YES;
				CLANG_WARN_CONSTANT_CONVERSION = YES;
				CLANG_WARN_DEPRECATED_OBJC_IMPLEMENTATIONS = YES;
				CLANG_WARN_DIRECT_OBJC_ISA_USAGE = YES_ERROR;
				CLANG_WARN_DOCUMENTATION_COMMENTS = YES;
				CLANG_WARN_EMPTY_BODY = YES;
				CLANG_WARN_ENUM_CONVERSION = YES;
				CLANG_WARN_INFINITE_RECURSION = YES;
				CLANG_WARN_INT_CONVERSION = YES;
				CLANG_WARN_NON_LITERAL_NULL_CONVERSION = YES;
				CLANG_WARN_OBJC_IMPLICIT_RETAIN_SELF = YES;
				CLANG_WARN_OBJC_LITERAL_CONVERSION = YES;
				CLANG_WARN_OBJC_ROOT_CLASS = YES_ERROR;
				CLANG_WARN_RANGE_LOOP_ANALYSIS = YES;
				CLANG_WARN_STRICT_PROTOTYPES = YES;
				CLANG_WARN_SUSPICIOUS_MOVE = YES;
				CLANG_WARN_UNGUARDED_AVAILABILITY = YES_AGGRESSIVE;
				CLANG_WARN_UNREACHABLE_CODE = YES;
				CLANG_WARN__DUPLICATE_METHOD_MATCH = YES;
				CODE_SIGN_IDENTITY = "iPhone Developer";
				COPY_PHASE_STRIP = NO;
				DEBUG_INFORMATION_FORMAT = "dwarf-with-dsym";
				ENABLE_NS_ASSERTIONS = NO;
				ENABLE_STRICT_OBJC_MSGSEND = YES;
				GCC_C_LANGUAGE_STANDARD = gnu11;
				GCC_NO_COMMON_BLOCKS = YES;
				GCC_WARN_64_TO_32_BIT_CONVERSION = YES;
				GCC_WARN_ABOUT_RETURN_TYPE = YES_ERROR;
				GCC_WARN_UNDECLARED_SELECTOR = YES;
				GCC_WARN_UNINITIALIZED_AUTOS = YES_AGGRESSIVE;
				GCC_WARN_UNUSED_FUNCTION = YES;
				GCC_WARN_UNUSED_VARIABLE = YES;
				IPHONEOS_DEPLOYMENT_TARGET = 12.0;
				MTL_ENABLE_DEBUG_INFO = NO;
				MTL_FAST_MATH = YES;
				SDKROOT = iphoneos;
				SWIFT_COMPILATION_MODE = wholemodule;
				SWIFT_OPTIMIZATION_LEVEL = "-O";
				VALIDATE_PRODUCT = YES;
			};
			name = Release;
		};
		BEDDF6442203E2D6005D3B25 /* Debug */ = {
			isa = XCBuildConfiguration;
			baseConfigurationReference = ECAA0BD4E65732DAD979F1E4 /* Pods-CounterList.debug.xcconfig */;
			buildSettings = {
				ASSETCATALOG_COMPILER_APPICON_NAME = AppIcon;
				CODE_SIGN_STYLE = Automatic;
				DEVELOPMENT_TEAM = 2RB6P5XQBG;
				FRAMEWORK_SEARCH_PATHS = (
					"$(inherited)",
					"$(PROJECT_DIR)/CounterList/Frameworks",
					"$(SRCROOT)/**",
				);
				INFOPLIST_FILE = CounterList/Info.plist;
				LD_RUNPATH_SEARCH_PATHS = (
					"$(inherited)",
					"@executable_path/Frameworks",
				);
				PRODUCT_BUNDLE_IDENTIFIER = com.cornershop.CounterList;
				PRODUCT_NAME = "$(TARGET_NAME)";
				SWIFT_VERSION = 4.2;
				TARGETED_DEVICE_FAMILY = "1,2";
			};
			name = Debug;
		};
		BEDDF6452203E2D6005D3B25 /* Release */ = {
			isa = XCBuildConfiguration;
			baseConfigurationReference = 300116BF5F6928B796AEBCBB /* Pods-CounterList.release.xcconfig */;
			buildSettings = {
				ASSETCATALOG_COMPILER_APPICON_NAME = AppIcon;
				CODE_SIGN_STYLE = Automatic;
				DEVELOPMENT_TEAM = 2RB6P5XQBG;
				FRAMEWORK_SEARCH_PATHS = (
					"$(inherited)",
					"$(PROJECT_DIR)/CounterList/Frameworks",
					"$(SRCROOT)/**",
				);
				INFOPLIST_FILE = CounterList/Info.plist;
				LD_RUNPATH_SEARCH_PATHS = (
					"$(inherited)",
					"@executable_path/Frameworks",
				);
				PRODUCT_BUNDLE_IDENTIFIER = com.cornershop.CounterList;
				PRODUCT_NAME = "$(TARGET_NAME)";
				SWIFT_VERSION = 4.2;
				TARGETED_DEVICE_FAMILY = "1,2";
			};
			name = Release;
		};
		BEDDF6472203E2D6005D3B25 /* Debug */ = {
			isa = XCBuildConfiguration;
			baseConfigurationReference = EDAD61319CD92AA4BFE8724D /* Pods-CounterListTests.debug.xcconfig */;
			buildSettings = {
				ALWAYS_EMBED_SWIFT_STANDARD_LIBRARIES = YES;
				BUNDLE_LOADER = "$(TEST_HOST)";
				CODE_SIGN_STYLE = Automatic;
				DEVELOPMENT_TEAM = 2RB6P5XQBG;
				INFOPLIST_FILE = CounterListTests/Info.plist;
				LD_RUNPATH_SEARCH_PATHS = (
					"$(inherited)",
					"@executable_path/Frameworks",
					"@loader_path/Frameworks",
				);
				PRODUCT_BUNDLE_IDENTIFIER = com.cornershop.CounterListTests;
				PRODUCT_NAME = "$(TARGET_NAME)";
				SWIFT_VERSION = 4.2;
				TARGETED_DEVICE_FAMILY = "1,2";
				TEST_HOST = "$(BUILT_PRODUCTS_DIR)/CounterList.app/CounterList";
			};
			name = Debug;
		};
		BEDDF6482203E2D6005D3B25 /* Release */ = {
			isa = XCBuildConfiguration;
			baseConfigurationReference = 1AD7733689F9A87219FA7363 /* Pods-CounterListTests.release.xcconfig */;
			buildSettings = {
				ALWAYS_EMBED_SWIFT_STANDARD_LIBRARIES = YES;
				BUNDLE_LOADER = "$(TEST_HOST)";
				CODE_SIGN_STYLE = Automatic;
				DEVELOPMENT_TEAM = 2RB6P5XQBG;
				INFOPLIST_FILE = CounterListTests/Info.plist;
				LD_RUNPATH_SEARCH_PATHS = (
					"$(inherited)",
					"@executable_path/Frameworks",
					"@loader_path/Frameworks",
				);
				PRODUCT_BUNDLE_IDENTIFIER = com.cornershop.CounterListTests;
				PRODUCT_NAME = "$(TARGET_NAME)";
				SWIFT_VERSION = 4.2;
				TARGETED_DEVICE_FAMILY = "1,2";
				TEST_HOST = "$(BUILT_PRODUCTS_DIR)/CounterList.app/CounterList";
			};
			name = Release;
		};
		BEDDF64A2203E2D6005D3B25 /* Debug */ = {
			isa = XCBuildConfiguration;
			baseConfigurationReference = 7D804728C51BA45E41656BD6 /* Pods-CounterListUITests.debug.xcconfig */;
			buildSettings = {
				ALWAYS_EMBED_SWIFT_STANDARD_LIBRARIES = YES;
				CODE_SIGN_STYLE = Automatic;
				DEVELOPMENT_TEAM = 2RB6P5XQBG;
				INFOPLIST_FILE = CounterListUITests/Info.plist;
				LD_RUNPATH_SEARCH_PATHS = (
					"$(inherited)",
					"@executable_path/Frameworks",
					"@loader_path/Frameworks",
				);
				PRODUCT_BUNDLE_IDENTIFIER = com.cornershop.CounterListUITests;
				PRODUCT_NAME = "$(TARGET_NAME)";
				SWIFT_VERSION = 4.2;
				TARGETED_DEVICE_FAMILY = "1,2";
				TEST_TARGET_NAME = CounterList;
			};
			name = Debug;
		};
		BEDDF64B2203E2D6005D3B25 /* Release */ = {
			isa = XCBuildConfiguration;
			baseConfigurationReference = 9BAAAC7EF75921ADE79BFE57 /* Pods-CounterListUITests.release.xcconfig */;
			buildSettings = {
				ALWAYS_EMBED_SWIFT_STANDARD_LIBRARIES = YES;
				CODE_SIGN_STYLE = Automatic;
				DEVELOPMENT_TEAM = 2RB6P5XQBG;
				INFOPLIST_FILE = CounterListUITests/Info.plist;
				LD_RUNPATH_SEARCH_PATHS = (
					"$(inherited)",
					"@executable_path/Frameworks",
					"@loader_path/Frameworks",
				);
				PRODUCT_BUNDLE_IDENTIFIER = com.cornershop.CounterListUITests;
				PRODUCT_NAME = "$(TARGET_NAME)";
				SWIFT_VERSION = 4.2;
				TARGETED_DEVICE_FAMILY = "1,2";
				TEST_TARGET_NAME = CounterList;
			};
			name = Release;
		};
/* End XCBuildConfiguration section */

/* Begin XCConfigurationList section */
		BEDDF6132203E2D5005D3B25 /* Build configuration list for PBXProject "CounterList" */ = {
			isa = XCConfigurationList;
			buildConfigurations = (
				BEDDF6412203E2D6005D3B25 /* Debug */,
				BEDDF6422203E2D6005D3B25 /* Release */,
			);
			defaultConfigurationIsVisible = 0;
			defaultConfigurationName = Release;
		};
		BEDDF6432203E2D6005D3B25 /* Build configuration list for PBXNativeTarget "CounterList" */ = {
			isa = XCConfigurationList;
			buildConfigurations = (
				BEDDF6442203E2D6005D3B25 /* Debug */,
				BEDDF6452203E2D6005D3B25 /* Release */,
			);
			defaultConfigurationIsVisible = 0;
			defaultConfigurationName = Release;
		};
		BEDDF6462203E2D6005D3B25 /* Build configuration list for PBXNativeTarget "CounterListTests" */ = {
			isa = XCConfigurationList;
			buildConfigurations = (
				BEDDF6472203E2D6005D3B25 /* Debug */,
				BEDDF6482203E2D6005D3B25 /* Release */,
			);
			defaultConfigurationIsVisible = 0;
			defaultConfigurationName = Release;
		};
		BEDDF6492203E2D6005D3B25 /* Build configuration list for PBXNativeTarget "CounterListUITests" */ = {
			isa = XCConfigurationList;
			buildConfigurations = (
				BEDDF64A2203E2D6005D3B25 /* Debug */,
				BEDDF64B2203E2D6005D3B25 /* Release */,
			);
			defaultConfigurationIsVisible = 0;
			defaultConfigurationName = Release;
		};
/* End XCConfigurationList section */
	};
	rootObject = BEDDF6102203E2D5005D3B25 /* Project object */;
}
