// !$*UTF8*$!
{
	archiveVersion = 1;
	classes = {
	};
	objectVersion = 50;
	objects = {

/* Begin PBXBuildFile section */
		BEDDF61C2203E2D5005D3B25 /* AppDelegate.swift in Sources */ = {isa = PBXBuildFile; fileRef = BEDDF61B2203E2D5005D3B25 /* AppDelegate.swift */; };
		BEDDF6242203E2D5005D3B25 /* CounterList.xcdatamodeld in Sources */ = {isa = PBXBuildFile; fileRef = BEDDF6222203E2D5005D3B25 /* CounterList.xcdatamodeld */; };
		BEDDF6262203E2D5005D3B25 /* Assets.xcassets in Resources */ = {isa = PBXBuildFile; fileRef = BEDDF6252203E2D5005D3B25 /* Assets.xcassets */; };
		BEDDF6292203E2D5005D3B25 /* LaunchScreen.storyboard in Resources */ = {isa = PBXBuildFile; fileRef = BEDDF6272203E2D5005D3B25 /* LaunchScreen.storyboard */; };
		BEDDF6342203E2D6005D3B25 /* CounterListTests.swift in Sources */ = {isa = PBXBuildFile; fileRef = BEDDF6332203E2D6005D3B25 /* CounterListTests.swift */; };
		BEDDF63F2203E2D6005D3B25 /* CounterListUITests.swift in Sources */ = {isa = PBXBuildFile; fileRef = BEDDF63E2203E2D6005D3B25 /* CounterListUITests.swift */; };
		BEDDF68B2203EF97005D3B25 /* ProductListService.swift in Sources */ = {isa = PBXBuildFile; fileRef = BEDDF68A2203EF97005D3B25 /* ProductListService.swift */; };
		BEDDF68F2203EFBF005D3B25 /* Product.swift in Sources */ = {isa = PBXBuildFile; fileRef = BEDDF68E2203EFBF005D3B25 /* Product.swift */; };
		BEDDF6942203F21D005D3B25 /* ProductListViewController.swift in Sources */ = {isa = PBXBuildFile; fileRef = BEDDF6922203F21D005D3B25 /* ProductListViewController.swift */; };
		BEDDF6952203F21D005D3B25 /* ProductListViewController.xib in Resources */ = {isa = PBXBuildFile; fileRef = BEDDF6932203F21D005D3B25 /* ProductListViewController.xib */; };
		BEDDF6A02203F3B4005D3B25 /* GetProductList.swift in Sources */ = {isa = PBXBuildFile; fileRef = BEDDF69F2203F3B4005D3B25 /* GetProductList.swift */; };
		BEDDF6A62203F580005D3B25 /* ProductList.swift in Sources */ = {isa = PBXBuildFile; fileRef = BEDDF6A52203F580005D3B25 /* ProductList.swift */; };
		BEDDF6B22203FB8A005D3B25 /* ServiceLayer.framework in Frameworks */ = {isa = PBXBuildFile; fileRef = BEDDF6B02203FB82005D3B25 /* ServiceLayer.framework */; };
		BEDDF6B32203FB8A005D3B25 /* ServiceLayer.framework in Embed Frameworks */ = {isa = PBXBuildFile; fileRef = BEDDF6B02203FB82005D3B25 /* ServiceLayer.framework */; settings = {ATTRIBUTES = (CodeSignOnCopy, RemoveHeadersOnCopy, ); }; };
		BEDDF6B822040087005D3B25 /* ProductListInteractor.swift in Sources */ = {isa = PBXBuildFile; fileRef = BEDDF6B722040087005D3B25 /* ProductListInteractor.swift */; };
		BEDDF6BA220400D6005D3B25 /* ProductListPresenter.swift in Sources */ = {isa = PBXBuildFile; fileRef = BEDDF6B9220400D6005D3B25 /* ProductListPresenter.swift */; };
		BEDDF6BC22040110005D3B25 /* ProductListRouter.swift in Sources */ = {isa = PBXBuildFile; fileRef = BEDDF6BB22040110005D3B25 /* ProductListRouter.swift */; };
		BEDDF6CB2205031B005D3B25 /* ProductTableViewCell.swift in Sources */ = {isa = PBXBuildFile; fileRef = BEDDF6C92205031B005D3B25 /* ProductTableViewCell.swift */; };
		BEDDF6CC2205031B005D3B25 /* ProductTableViewCell.xib in Resources */ = {isa = PBXBuildFile; fileRef = BEDDF6CA2205031B005D3B25 /* ProductTableViewCell.xib */; };
		BEDDF6CF220503AD005D3B25 /* UITableViewCell.swift in Sources */ = {isa = PBXBuildFile; fileRef = BEDDF6CE220503AD005D3B25 /* UITableViewCell.swift */; };
/* End PBXBuildFile section */

/* Begin PBXContainerItemProxy section */
		BEDDF6302203E2D6005D3B25 /* PBXContainerItemProxy */ = {
			isa = PBXContainerItemProxy;
			containerPortal = BEDDF6102203E2D5005D3B25 /* Project object */;
			proxyType = 1;
			remoteGlobalIDString = BEDDF6172203E2D5005D3B25;
			remoteInfo = CounterList;
		};
		BEDDF63B2203E2D6005D3B25 /* PBXContainerItemProxy */ = {
			isa = PBXContainerItemProxy;
			containerPortal = BEDDF6102203E2D5005D3B25 /* Project object */;
			proxyType = 1;
			remoteGlobalIDString = BEDDF6172203E2D5005D3B25;
			remoteInfo = CounterList;
		};
/* End PBXContainerItemProxy section */

/* Begin PBXCopyFilesBuildPhase section */
		BEDDF6AF2203F934005D3B25 /* Embed Frameworks */ = {
			isa = PBXCopyFilesBuildPhase;
			buildActionMask = 2147483647;
			dstPath = "";
			dstSubfolderSpec = 10;
			files = (
				BEDDF6B32203FB8A005D3B25 /* ServiceLayer.framework in Embed Frameworks */,
			);
			name = "Embed Frameworks";
			runOnlyForDeploymentPostprocessing = 0;
		};
/* End PBXCopyFilesBuildPhase section */

/* Begin PBXFileReference section */
		BEDDF6182203E2D5005D3B25 /* CounterList.app */ = {isa = PBXFileReference; explicitFileType = wrapper.application; includeInIndex = 0; path = CounterList.app; sourceTree = BUILT_PRODUCTS_DIR; };
		BEDDF61B2203E2D5005D3B25 /* AppDelegate.swift */ = {isa = PBXFileReference; lastKnownFileType = sourcecode.swift; path = AppDelegate.swift; sourceTree = "<group>"; };
		BEDDF6232203E2D5005D3B25 /* CounterList.xcdatamodel */ = {isa = PBXFileReference; lastKnownFileType = wrapper.xcdatamodel; path = CounterList.xcdatamodel; sourceTree = "<group>"; };
		BEDDF6252203E2D5005D3B25 /* Assets.xcassets */ = {isa = PBXFileReference; lastKnownFileType = folder.assetcatalog; path = Assets.xcassets; sourceTree = "<group>"; };
		BEDDF6282203E2D5005D3B25 /* Base */ = {isa = PBXFileReference; lastKnownFileType = file.storyboard; name = Base; path = Base.lproj/LaunchScreen.storyboard; sourceTree = "<group>"; };
		BEDDF62A2203E2D5005D3B25 /* Info.plist */ = {isa = PBXFileReference; lastKnownFileType = text.plist.xml; path = Info.plist; sourceTree = "<group>"; };
		BEDDF62F2203E2D6005D3B25 /* CounterListTests.xctest */ = {isa = PBXFileReference; explicitFileType = wrapper.cfbundle; includeInIndex = 0; path = CounterListTests.xctest; sourceTree = BUILT_PRODUCTS_DIR; };
		BEDDF6332203E2D6005D3B25 /* CounterListTests.swift */ = {isa = PBXFileReference; lastKnownFileType = sourcecode.swift; path = CounterListTests.swift; sourceTree = "<group>"; };
		BEDDF6352203E2D6005D3B25 /* Info.plist */ = {isa = PBXFileReference; lastKnownFileType = text.plist.xml; path = Info.plist; sourceTree = "<group>"; };
		BEDDF63A2203E2D6005D3B25 /* CounterListUITests.xctest */ = {isa = PBXFileReference; explicitFileType = wrapper.cfbundle; includeInIndex = 0; path = CounterListUITests.xctest; sourceTree = BUILT_PRODUCTS_DIR; };
		BEDDF63E2203E2D6005D3B25 /* CounterListUITests.swift */ = {isa = PBXFileReference; lastKnownFileType = sourcecode.swift; path = CounterListUITests.swift; sourceTree = "<group>"; };
		BEDDF6402203E2D6005D3B25 /* Info.plist */ = {isa = PBXFileReference; lastKnownFileType = text.plist.xml; path = Info.plist; sourceTree = "<group>"; };
		BEDDF68A2203EF97005D3B25 /* ProductListService.swift */ = {isa = PBXFileReference; lastKnownFileType = sourcecode.swift; path = ProductListService.swift; sourceTree = "<group>"; };
		BEDDF68E2203EFBF005D3B25 /* Product.swift */ = {isa = PBXFileReference; lastKnownFileType = sourcecode.swift; path = Product.swift; sourceTree = "<group>"; };
		BEDDF6922203F21D005D3B25 /* ProductListViewController.swift */ = {isa = PBXFileReference; lastKnownFileType = sourcecode.swift; path = ProductListViewController.swift; sourceTree = "<group>"; };
		BEDDF6932203F21D005D3B25 /* ProductListViewController.xib */ = {isa = PBXFileReference; lastKnownFileType = file.xib; path = ProductListViewController.xib; sourceTree = "<group>"; };
		BEDDF69F2203F3B4005D3B25 /* GetProductList.swift */ = {isa = PBXFileReference; lastKnownFileType = sourcecode.swift; path = GetProductList.swift; sourceTree = "<group>"; };
		BEDDF6A52203F580005D3B25 /* ProductList.swift */ = {isa = PBXFileReference; lastKnownFileType = sourcecode.swift; path = ProductList.swift; sourceTree = "<group>"; };
		BEDDF6B02203FB82005D3B25 /* ServiceLayer.framework */ = {isa = PBXFileReference; lastKnownFileType = wrapper.framework; path = ServiceLayer.framework; sourceTree = "<group>"; };
		BEDDF6B722040087005D3B25 /* ProductListInteractor.swift */ = {isa = PBXFileReference; lastKnownFileType = sourcecode.swift; path = ProductListInteractor.swift; sourceTree = "<group>"; };
		BEDDF6B9220400D6005D3B25 /* ProductListPresenter.swift */ = {isa = PBXFileReference; lastKnownFileType = sourcecode.swift; path = ProductListPresenter.swift; sourceTree = "<group>"; };
		BEDDF6BB22040110005D3B25 /* ProductListRouter.swift */ = {isa = PBXFileReference; lastKnownFileType = sourcecode.swift; path = ProductListRouter.swift; sourceTree = "<group>"; };
		BEDDF6C92205031B005D3B25 /* ProductTableViewCell.swift */ = {isa = PBXFileReference; lastKnownFileType = sourcecode.swift; path = ProductTableViewCell.swift; sourceTree = "<group>"; };
		BEDDF6CA2205031B005D3B25 /* ProductTableViewCell.xib */ = {isa = PBXFileReference; lastKnownFileType = file.xib; path = ProductTableViewCell.xib; sourceTree = "<group>"; };
		BEDDF6CE220503AD005D3B25 /* UITableViewCell.swift */ = {isa = PBXFileReference; lastKnownFileType = sourcecode.swift; path = UITableViewCell.swift; sourceTree = "<group>"; };
/* End PBXFileReference section */

/* Begin PBXFrameworksBuildPhase section */
		BEDDF6152203E2D5005D3B25 /* Frameworks */ = {
			isa = PBXFrameworksBuildPhase;
			buildActionMask = 2147483647;
			files = (
				BEDDF6B22203FB8A005D3B25 /* ServiceLayer.framework in Frameworks */,
			);
			runOnlyForDeploymentPostprocessing = 0;
		};
		BEDDF62C2203E2D5005D3B25 /* Frameworks */ = {
			isa = PBXFrameworksBuildPhase;
			buildActionMask = 2147483647;
			files = (
			);
			runOnlyForDeploymentPostprocessing = 0;
		};
		BEDDF6372203E2D6005D3B25 /* Frameworks */ = {
			isa = PBXFrameworksBuildPhase;
			buildActionMask = 2147483647;
			files = (
			);
			runOnlyForDeploymentPostprocessing = 0;
		};
/* End PBXFrameworksBuildPhase section */

/* Begin PBXGroup section */
		BEDDF60F2203E2D5005D3B25 = {
			isa = PBXGroup;
			children = (
				BEDDF61A2203E2D5005D3B25 /* CounterList */,
				BEDDF6322203E2D6005D3B25 /* CounterListTests */,
				BEDDF63D2203E2D6005D3B25 /* CounterListUITests */,
				BEDDF6192203E2D5005D3B25 /* Products */,
			);
			sourceTree = "<group>";
		};
		BEDDF6192203E2D5005D3B25 /* Products */ = {
			isa = PBXGroup;
			children = (
				BEDDF6182203E2D5005D3B25 /* CounterList.app */,
				BEDDF62F2203E2D6005D3B25 /* CounterListTests.xctest */,
				BEDDF63A2203E2D6005D3B25 /* CounterListUITests.xctest */,
			);
			name = Products;
			sourceTree = "<group>";
		};
		BEDDF61A2203E2D5005D3B25 /* CounterList */ = {
			isa = PBXGroup;
			children = (
				BEDDF64C2203E2F5005D3B25 /* Common */,
				BEDDF64D2203E2FC005D3B25 /* Modules */,
				BEDDF61B2203E2D5005D3B25 /* AppDelegate.swift */,
				BEDDF6252203E2D5005D3B25 /* Assets.xcassets */,
				BEDDF6272203E2D5005D3B25 /* LaunchScreen.storyboard */,
				BEDDF62A2203E2D5005D3B25 /* Info.plist */,
				BEDDF6222203E2D5005D3B25 /* CounterList.xcdatamodeld */,
				BEDDF6802203EF26005D3B25 /* Frameworks */,
			);
			path = CounterList;
			sourceTree = "<group>";
		};
		BEDDF6322203E2D6005D3B25 /* CounterListTests */ = {
			isa = PBXGroup;
			children = (
				BEDDF6332203E2D6005D3B25 /* CounterListTests.swift */,
				BEDDF6352203E2D6005D3B25 /* Info.plist */,
			);
			path = CounterListTests;
			sourceTree = "<group>";
		};
		BEDDF63D2203E2D6005D3B25 /* CounterListUITests */ = {
			isa = PBXGroup;
			children = (
				BEDDF63E2203E2D6005D3B25 /* CounterListUITests.swift */,
				BEDDF6402203E2D6005D3B25 /* Info.plist */,
			);
			path = CounterListUITests;
			sourceTree = "<group>";
		};
		BEDDF64C2203E2F5005D3B25 /* Common */ = {
			isa = PBXGroup;
			children = (
				BEDDF6CD2205032E005D3B25 /* Extensions */,
				BEDDF6BD220405F0005D3B25 /* Router */,
				BEDDF6A12203F3F3005D3B25 /* Entity */,
			);
			path = Common;
			sourceTree = "<group>";
		};
		BEDDF64D2203E2FC005D3B25 /* Modules */ = {
			isa = PBXGroup;
			children = (
				BEDDF64E2203E30B005D3B25 /* Counter */,
			);
			path = Modules;
			sourceTree = "<group>";
		};
		BEDDF64E2203E30B005D3B25 /* Counter */ = {
			isa = PBXGroup;
			children = (
				BEDDF6872203EF52005D3B25 /* Views */,
				BEDDF6B422040047005D3B25 /* Interactor */,
				BEDDF6B52204005A005D3B25 /* Presenter */,
				BEDDF6832203EF38005D3B25 /* Entity */,
				BEDDF6B622040066005D3B25 /* Router */,
			);
			path = Counter;
			sourceTree = "<group>";
		};
		BEDDF6802203EF26005D3B25 /* Frameworks */ = {
			isa = PBXGroup;
			children = (
				BEDDF6B02203FB82005D3B25 /* ServiceLayer.framework */,
			);
			path = Frameworks;
			sourceTree = "<group>";
		};
		BEDDF6832203EF38005D3B25 /* Entity */ = {
			isa = PBXGroup;
			children = (
				BEDDF69E2203F39D005D3B25 /* UseCases */,
				BEDDF6862203EF48005D3B25 /* Persistance */,
				BEDDF6852203EF43005D3B25 /* Model */,
				BEDDF6842203EF3D005D3B25 /* Service */,
			);
			path = Entity;
			sourceTree = "<group>";
		};
		BEDDF6842203EF3D005D3B25 /* Service */ = {
			isa = PBXGroup;
			children = (
				BEDDF68A2203EF97005D3B25 /* ProductListService.swift */,
			);
			path = Service;
			sourceTree = "<group>";
		};
		BEDDF6852203EF43005D3B25 /* Model */ = {
			isa = PBXGroup;
			children = (
				BEDDF68E2203EFBF005D3B25 /* Product.swift */,
				BEDDF6A52203F580005D3B25 /* ProductList.swift */,
			);
			path = Model;
			sourceTree = "<group>";
		};
		BEDDF6862203EF48005D3B25 /* Persistance */ = {
			isa = PBXGroup;
			children = (
			);
			path = Persistance;
			sourceTree = "<group>";
		};
		BEDDF6872203EF52005D3B25 /* Views */ = {
			isa = PBXGroup;
			children = (
				BEDDF6C322050258005D3B25 /* ProductList */,
			);
			path = Views;
			sourceTree = "<group>";
		};
		BEDDF69E2203F39D005D3B25 /* UseCases */ = {
			isa = PBXGroup;
			children = (
				BEDDF69F2203F3B4005D3B25 /* GetProductList.swift */,
			);
			path = UseCases;
			sourceTree = "<group>";
		};
		BEDDF6A12203F3F3005D3B25 /* Entity */ = {
			isa = PBXGroup;
			children = (
				BEDDF6A22203F3F8005D3B25 /* UseCases */,
			);
			path = Entity;
			sourceTree = "<group>";
		};
		BEDDF6A22203F3F8005D3B25 /* UseCases */ = {
			isa = PBXGroup;
			children = (
			);
			path = UseCases;
			sourceTree = "<group>";
		};
		BEDDF6B422040047005D3B25 /* Interactor */ = {
			isa = PBXGroup;
			children = (
				BEDDF6B722040087005D3B25 /* ProductListInteractor.swift */,
			);
			path = Interactor;
			sourceTree = "<group>";
		};
		BEDDF6B52204005A005D3B25 /* Presenter */ = {
			isa = PBXGroup;
			children = (
				BEDDF6B9220400D6005D3B25 /* ProductListPresenter.swift */,
			);
			path = Presenter;
			sourceTree = "<group>";
		};
		BEDDF6B622040066005D3B25 /* Router */ = {
			isa = PBXGroup;
			children = (
				BEDDF6BB22040110005D3B25 /* ProductListRouter.swift */,
			);
			path = Router;
			sourceTree = "<group>";
		};
		BEDDF6BD220405F0005D3B25 /* Router */ = {
			isa = PBXGroup;
			children = (
			);
			path = Router;
			sourceTree = "<group>";
		};
		BEDDF6C322050258005D3B25 /* ProductList */ = {
			isa = PBXGroup;
			children = (
				BEDDF6C422050262005D3B25 /* Cells */,
				BEDDF6922203F21D005D3B25 /* ProductListViewController.swift */,
				BEDDF6932203F21D005D3B25 /* ProductListViewController.xib */,
			);
			path = ProductList;
			sourceTree = "<group>";
		};
		BEDDF6C422050262005D3B25 /* Cells */ = {
			isa = PBXGroup;
			children = (
				BEDDF6C92205031B005D3B25 /* ProductTableViewCell.swift */,
				BEDDF6CA2205031B005D3B25 /* ProductTableViewCell.xib */,
			);
			path = Cells;
			sourceTree = "<group>";
		};
		BEDDF6CD2205032E005D3B25 /* Extensions */ = {
			isa = PBXGroup;
			children = (
				BEDDF6CE220503AD005D3B25 /* UITableViewCell.swift */,
			);
			path = Extensions;
			sourceTree = "<group>";
		};
/* End PBXGroup section */

/* Begin PBXNativeTarget section */
		BEDDF6172203E2D5005D3B25 /* CounterList */ = {
			isa = PBXNativeTarget;
			buildConfigurationList = BEDDF6432203E2D6005D3B25 /* Build configuration list for PBXNativeTarget "CounterList" */;
			buildPhases = (
				BEDDF6142203E2D5005D3B25 /* Sources */,
				BEDDF6152203E2D5005D3B25 /* Frameworks */,
				BEDDF6162203E2D5005D3B25 /* Resources */,
				BEDDF6AF2203F934005D3B25 /* Embed Frameworks */,
			);
			buildRules = (
			);
			dependencies = (
			);
			name = CounterList;
			productName = CounterList;
			productReference = BEDDF6182203E2D5005D3B25 /* CounterList.app */;
			productType = "com.apple.product-type.application";
		};
		BEDDF62E2203E2D5005D3B25 /* CounterListTests */ = {
			isa = PBXNativeTarget;
			buildConfigurationList = BEDDF6462203E2D6005D3B25 /* Build configuration list for PBXNativeTarget "CounterListTests" */;
			buildPhases = (
				BEDDF62B2203E2D5005D3B25 /* Sources */,
				BEDDF62C2203E2D5005D3B25 /* Frameworks */,
				BEDDF62D2203E2D5005D3B25 /* Resources */,
			);
			buildRules = (
			);
			dependencies = (
				BEDDF6312203E2D6005D3B25 /* PBXTargetDependency */,
			);
			name = CounterListTests;
			productName = CounterListTests;
			productReference = BEDDF62F2203E2D6005D3B25 /* CounterListTests.xctest */;
			productType = "com.apple.product-type.bundle.unit-test";
		};
		BEDDF6392203E2D6005D3B25 /* CounterListUITests */ = {
			isa = PBXNativeTarget;
			buildConfigurationList = BEDDF6492203E2D6005D3B25 /* Build configuration list for PBXNativeTarget "CounterListUITests" */;
			buildPhases = (
				BEDDF6362203E2D6005D3B25 /* Sources */,
				BEDDF6372203E2D6005D3B25 /* Frameworks */,
				BEDDF6382203E2D6005D3B25 /* Resources */,
			);
			buildRules = (
			);
			dependencies = (
				BEDDF63C2203E2D6005D3B25 /* PBXTargetDependency */,
			);
			name = CounterListUITests;
			productName = CounterListUITests;
			productReference = BEDDF63A2203E2D6005D3B25 /* CounterListUITests.xctest */;
			productType = "com.apple.product-type.bundle.ui-testing";
		};
/* End PBXNativeTarget section */

/* Begin PBXProject section */
		BEDDF6102203E2D5005D3B25 /* Project object */ = {
			isa = PBXProject;
			attributes = {
				LastSwiftUpdateCheck = 1000;
				LastUpgradeCheck = 1000;
				ORGANIZATIONNAME = Cornershop;
				TargetAttributes = {
					BEDDF6172203E2D5005D3B25 = {
						CreatedOnToolsVersion = 10.0;
					};
					BEDDF62E2203E2D5005D3B25 = {
						CreatedOnToolsVersion = 10.0;
						TestTargetID = BEDDF6172203E2D5005D3B25;
					};
					BEDDF6392203E2D6005D3B25 = {
						CreatedOnToolsVersion = 10.0;
						TestTargetID = BEDDF6172203E2D5005D3B25;
					};
				};
			};
			buildConfigurationList = BEDDF6132203E2D5005D3B25 /* Build configuration list for PBXProject "CounterList" */;
			compatibilityVersion = "Xcode 9.3";
			developmentRegion = en;
			hasScannedForEncodings = 0;
			knownRegions = (
				en,
				Base,
			);
			mainGroup = BEDDF60F2203E2D5005D3B25;
			productRefGroup = BEDDF6192203E2D5005D3B25 /* Products */;
			projectDirPath = "";
			projectRoot = "";
			targets = (
				BEDDF6172203E2D5005D3B25 /* CounterList */,
				BEDDF62E2203E2D5005D3B25 /* CounterListTests */,
				BEDDF6392203E2D6005D3B25 /* CounterListUITests */,
			);
		};
/* End PBXProject section */

/* Begin PBXResourcesBuildPhase section */
		BEDDF6162203E2D5005D3B25 /* Resources */ = {
			isa = PBXResourcesBuildPhase;
			buildActionMask = 2147483647;
			files = (
				BEDDF6292203E2D5005D3B25 /* LaunchScreen.storyboard in Resources */,
				BEDDF6CC2205031B005D3B25 /* ProductTableViewCell.xib in Resources */,
				BEDDF6952203F21D005D3B25 /* ProductListViewController.xib in Resources */,
				BEDDF6262203E2D5005D3B25 /* Assets.xcassets in Resources */,
			);
			runOnlyForDeploymentPostprocessing = 0;
		};
		BEDDF62D2203E2D5005D3B25 /* Resources */ = {
			isa = PBXResourcesBuildPhase;
			buildActionMask = 2147483647;
			files = (
			);
			runOnlyForDeploymentPostprocessing = 0;
		};
		BEDDF6382203E2D6005D3B25 /* Resources */ = {
			isa = PBXResourcesBuildPhase;
			buildActionMask = 2147483647;
			files = (
			);
			runOnlyForDeploymentPostprocessing = 0;
		};
/* End PBXResourcesBuildPhase section */

/* Begin PBXSourcesBuildPhase section */
		BEDDF6142203E2D5005D3B25 /* Sources */ = {
			isa = PBXSourcesBuildPhase;
			buildActionMask = 2147483647;
			files = (
				BEDDF68B2203EF97005D3B25 /* ProductListService.swift in Sources */,
				BEDDF6BA220400D6005D3B25 /* ProductListPresenter.swift in Sources */,
				BEDDF6242203E2D5005D3B25 /* CounterList.xcdatamodeld in Sources */,
				BEDDF6A02203F3B4005D3B25 /* GetProductList.swift in Sources */,
				BEDDF6BC22040110005D3B25 /* ProductListRouter.swift in Sources */,
				BEDDF6942203F21D005D3B25 /* ProductListViewController.swift in Sources */,
				BEDDF6A62203F580005D3B25 /* ProductList.swift in Sources */,
				BEDDF6CB2205031B005D3B25 /* ProductTableViewCell.swift in Sources */,
				BEDDF68F2203EFBF005D3B25 /* Product.swift in Sources */,
				BEDDF6CF220503AD005D3B25 /* UITableViewCell.swift in Sources */,
				BEDDF6B822040087005D3B25 /* ProductListInteractor.swift in Sources */,
				BEDDF61C2203E2D5005D3B25 /* AppDelegate.swift in Sources */,
			);
			runOnlyForDeploymentPostprocessing = 0;
		};
		BEDDF62B2203E2D5005D3B25 /* Sources */ = {
			isa = PBXSourcesBuildPhase;
			buildActionMask = 2147483647;
			files = (
				BEDDF6342203E2D6005D3B25 /* CounterListTests.swift in Sources */,
			);
			runOnlyForDeploymentPostprocessing = 0;
		};
		BEDDF6362203E2D6005D3B25 /* Sources */ = {
			isa = PBXSourcesBuildPhase;
			buildActionMask = 2147483647;
			files = (
				BEDDF63F2203E2D6005D3B25 /* CounterListUITests.swift in Sources */,
			);
			runOnlyForDeploymentPostprocessing = 0;
		};
/* End PBXSourcesBuildPhase section */

/* Begin PBXTargetDependency section */
		BEDDF6312203E2D6005D3B25 /* PBXTargetDependency */ = {
			isa = PBXTargetDependency;
			target = BEDDF6172203E2D5005D3B25 /* CounterList */;
			targetProxy = BEDDF6302203E2D6005D3B25 /* PBXContainerItemProxy */;
		};
		BEDDF63C2203E2D6005D3B25 /* PBXTargetDependency */ = {
			isa = PBXTargetDependency;
			target = BEDDF6172203E2D5005D3B25 /* CounterList */;
			targetProxy = BEDDF63B2203E2D6005D3B25 /* PBXContainerItemProxy */;
		};
/* End PBXTargetDependency section */

/* Begin PBXVariantGroup section */
		BEDDF6272203E2D5005D3B25 /* LaunchScreen.storyboard */ = {
			isa = PBXVariantGroup;
			children = (
				BEDDF6282203E2D5005D3B25 /* Base */,
			);
			name = LaunchScreen.storyboard;
			sourceTree = "<group>";
		};
/* End PBXVariantGroup section */

/* Begin XCBuildConfiguration section */
		BEDDF6412203E2D6005D3B25 /* Debug */ = {
			isa = XCBuildConfiguration;
			buildSettings = {
				ALWAYS_SEARCH_USER_PATHS = NO;
				CLANG_ANALYZER_NONNULL = YES;
				CLANG_ANALYZER_NUMBER_OBJECT_CONVERSION = YES_AGGRESSIVE;
				CLANG_CXX_LANGUAGE_STANDARD = "gnu++14";
				CLANG_CXX_LIBRARY = "libc++";
				CLANG_ENABLE_MODULES = YES;
				CLANG_ENABLE_OBJC_ARC = YES;
				CLANG_ENABLE_OBJC_WEAK = YES;
				CLANG_WARN_BLOCK_CAPTURE_AUTORELEASING = YES;
				CLANG_WARN_BOOL_CONVERSION = YES;
				CLANG_WARN_COMMA = YES;
				CLANG_WARN_CONSTANT_CONVERSION = YES;
				CLANG_WARN_DEPRECATED_OBJC_IMPLEMENTATIONS = YES;
				CLANG_WARN_DIRECT_OBJC_ISA_USAGE = YES_ERROR;
				CLANG_WARN_DOCUMENTATION_COMMENTS = YES;
				CLANG_WARN_EMPTY_BODY = YES;
				CLANG_WARN_ENUM_CONVERSION = YES;
				CLANG_WARN_INFINITE_RECURSION = YES;
				CLANG_WARN_INT_CONVERSION = YES;
				CLANG_WARN_NON_LITERAL_NULL_CONVERSION = YES;
				CLANG_WARN_OBJC_IMPLICIT_RETAIN_SELF = YES;
				CLANG_WARN_OBJC_LITERAL_CONVERSION = YES;
				CLANG_WARN_OBJC_ROOT_CLASS = YES_ERROR;
				CLANG_WARN_RANGE_LOOP_ANALYSIS = YES;
				CLANG_WARN_STRICT_PROTOTYPES = YES;
				CLANG_WARN_SUSPICIOUS_MOVE = YES;
				CLANG_WARN_UNGUARDED_AVAILABILITY = YES_AGGRESSIVE;
				CLANG_WARN_UNREACHABLE_CODE = YES;
				CLANG_WARN__DUPLICATE_METHOD_MATCH = YES;
				CODE_SIGN_IDENTITY = "iPhone Developer";
				COPY_PHASE_STRIP = NO;
				DEBUG_INFORMATION_FORMAT = dwarf;
				ENABLE_STRICT_OBJC_MSGSEND = YES;
				ENABLE_TESTABILITY = YES;
				GCC_C_LANGUAGE_STANDARD = gnu11;
				GCC_DYNAMIC_NO_PIC = NO;
				GCC_NO_COMMON_BLOCKS = YES;
				GCC_OPTIMIZATION_LEVEL = 0;
				GCC_PREPROCESSOR_DEFINITIONS = (
					"DEBUG=1",
					"$(inherited)",
				);
				GCC_WARN_64_TO_32_BIT_CONVERSION = YES;
				GCC_WARN_ABOUT_RETURN_TYPE = YES_ERROR;
				GCC_WARN_UNDECLARED_SELECTOR = YES;
				GCC_WARN_UNINITIALIZED_AUTOS = YES_AGGRESSIVE;
				GCC_WARN_UNUSED_FUNCTION = YES;
				GCC_WARN_UNUSED_VARIABLE = YES;
				IPHONEOS_DEPLOYMENT_TARGET = 12.0;
				MTL_ENABLE_DEBUG_INFO = INCLUDE_SOURCE;
				MTL_FAST_MATH = YES;
				ONLY_ACTIVE_ARCH = YES;
				SDKROOT = iphoneos;
				SWIFT_ACTIVE_COMPILATION_CONDITIONS = DEBUG;
				SWIFT_OPTIMIZATION_LEVEL = "-Onone";
			};
			name = Debug;
		};
		BEDDF6422203E2D6005D3B25 /* Release */ = {
			isa = XCBuildConfiguration;
			buildSettings = {
				ALWAYS_SEARCH_USER_PATHS = NO;
				CLANG_ANALYZER_NONNULL = YES;
				CLANG_ANALYZER_NUMBER_OBJECT_CONVERSION = YES_AGGRESSIVE;
				CLANG_CXX_LANGUAGE_STANDARD = "gnu++14";
				CLANG_CXX_LIBRARY = "libc++";
				CLANG_ENABLE_MODULES = YES;
				CLANG_ENABLE_OBJC_ARC = YES;
				CLANG_ENABLE_OBJC_WEAK = YES;
				CLANG_WARN_BLOCK_CAPTURE_AUTORELEASING = YES;
				CLANG_WARN_BOOL_CONVERSION = YES;
				CLANG_WARN_COMMA = YES;
				CLANG_WARN_CONSTANT_CONVERSION = YES;
				CLANG_WARN_DEPRECATED_OBJC_IMPLEMENTATIONS = YES;
				CLANG_WARN_DIRECT_OBJC_ISA_USAGE = YES_ERROR;
				CLANG_WARN_DOCUMENTATION_COMMENTS = YES;
				CLANG_WARN_EMPTY_BODY = YES;
				CLANG_WARN_ENUM_CONVERSION = YES;
				CLANG_WARN_INFINITE_RECURSION = YES;
				CLANG_WARN_INT_CONVERSION = YES;
				CLANG_WARN_NON_LITERAL_NULL_CONVERSION = YES;
				CLANG_WARN_OBJC_IMPLICIT_RETAIN_SELF = YES;
				CLANG_WARN_OBJC_LITERAL_CONVERSION = YES;
				CLANG_WARN_OBJC_ROOT_CLASS = YES_ERROR;
				CLANG_WARN_RANGE_LOOP_ANALYSIS = YES;
				CLANG_WARN_STRICT_PROTOTYPES = YES;
				CLANG_WARN_SUSPICIOUS_MOVE = YES;
				CLANG_WARN_UNGUARDED_AVAILABILITY = YES_AGGRESSIVE;
				CLANG_WARN_UNREACHABLE_CODE = YES;
				CLANG_WARN__DUPLICATE_METHOD_MATCH = YES;
				CODE_SIGN_IDENTITY = "iPhone Developer";
				COPY_PHASE_STRIP = NO;
				DEBUG_INFORMATION_FORMAT = "dwarf-with-dsym";
				ENABLE_NS_ASSERTIONS = NO;
				ENABLE_STRICT_OBJC_MSGSEND = YES;
				GCC_C_LANGUAGE_STANDARD = gnu11;
				GCC_NO_COMMON_BLOCKS = YES;
				GCC_WARN_64_TO_32_BIT_CONVERSION = YES;
				GCC_WARN_ABOUT_RETURN_TYPE = YES_ERROR;
				GCC_WARN_UNDECLARED_SELECTOR = YES;
				GCC_WARN_UNINITIALIZED_AUTOS = YES_AGGRESSIVE;
				GCC_WARN_UNUSED_FUNCTION = YES;
				GCC_WARN_UNUSED_VARIABLE = YES;
				IPHONEOS_DEPLOYMENT_TARGET = 12.0;
				MTL_ENABLE_DEBUG_INFO = NO;
				MTL_FAST_MATH = YES;
				SDKROOT = iphoneos;
				SWIFT_COMPILATION_MODE = wholemodule;
				SWIFT_OPTIMIZATION_LEVEL = "-O";
				VALIDATE_PRODUCT = YES;
			};
			name = Release;
		};
		BEDDF6442203E2D6005D3B25 /* Debug */ = {
			isa = XCBuildConfiguration;
			buildSettings = {
				ASSETCATALOG_COMPILER_APPICON_NAME = AppIcon;
				CODE_SIGN_STYLE = Automatic;
				DEVELOPMENT_TEAM = 2RB6P5XQBG;
				FRAMEWORK_SEARCH_PATHS = (
					"$(inherited)",
					"$(PROJECT_DIR)/CounterList/Frameworks",
				);
				INFOPLIST_FILE = CounterList/Info.plist;
				LD_RUNPATH_SEARCH_PATHS = (
					"$(inherited)",
					"@executable_path/Frameworks",
				);
				PRODUCT_BUNDLE_IDENTIFIER = com.cornershop.CounterList;
				PRODUCT_NAME = "$(TARGET_NAME)";
				SWIFT_VERSION = 4.2;
				TARGETED_DEVICE_FAMILY = "1,2";
			};
			name = Debug;
		};
		BEDDF6452203E2D6005D3B25 /* Release */ = {
			isa = XCBuildConfiguration;
			buildSettings = {
				ASSETCATALOG_COMPILER_APPICON_NAME = AppIcon;
				CODE_SIGN_STYLE = Automatic;
				DEVELOPMENT_TEAM = 2RB6P5XQBG;
				FRAMEWORK_SEARCH_PATHS = (
					"$(inherited)",
					"$(PROJECT_DIR)/CounterList/Frameworks",
				);
				INFOPLIST_FILE = CounterList/Info.plist;
				LD_RUNPATH_SEARCH_PATHS = (
					"$(inherited)",
					"@executable_path/Frameworks",
				);
				PRODUCT_BUNDLE_IDENTIFIER = com.cornershop.CounterList;
				PRODUCT_NAME = "$(TARGET_NAME)";
				SWIFT_VERSION = 4.2;
				TARGETED_DEVICE_FAMILY = "1,2";
			};
			name = Release;
		};
		BEDDF6472203E2D6005D3B25 /* Debug */ = {
			isa = XCBuildConfiguration;
			buildSettings = {
				ALWAYS_EMBED_SWIFT_STANDARD_LIBRARIES = YES;
				BUNDLE_LOADER = "$(TEST_HOST)";
				CODE_SIGN_STYLE = Automatic;
				DEVELOPMENT_TEAM = 2RB6P5XQBG;
				INFOPLIST_FILE = CounterListTests/Info.plist;
				LD_RUNPATH_SEARCH_PATHS = (
					"$(inherited)",
					"@executable_path/Frameworks",
					"@loader_path/Frameworks",
				);
				PRODUCT_BUNDLE_IDENTIFIER = com.cornershop.CounterListTests;
				PRODUCT_NAME = "$(TARGET_NAME)";
				SWIFT_VERSION = 4.2;
				TARGETED_DEVICE_FAMILY = "1,2";
				TEST_HOST = "$(BUILT_PRODUCTS_DIR)/CounterList.app/CounterList";
			};
			name = Debug;
		};
		BEDDF6482203E2D6005D3B25 /* Release */ = {
			isa = XCBuildConfiguration;
			buildSettings = {
				ALWAYS_EMBED_SWIFT_STANDARD_LIBRARIES = YES;
				BUNDLE_LOADER = "$(TEST_HOST)";
				CODE_SIGN_STYLE = Automatic;
				DEVELOPMENT_TEAM = 2RB6P5XQBG;
				INFOPLIST_FILE = CounterListTests/Info.plist;
				LD_RUNPATH_SEARCH_PATHS = (
					"$(inherited)",
					"@executable_path/Frameworks",
					"@loader_path/Frameworks",
				);
				PRODUCT_BUNDLE_IDENTIFIER = com.cornershop.CounterListTests;
				PRODUCT_NAME = "$(TARGET_NAME)";
				SWIFT_VERSION = 4.2;
				TARGETED_DEVICE_FAMILY = "1,2";
				TEST_HOST = "$(BUILT_PRODUCTS_DIR)/CounterList.app/CounterList";
			};
			name = Release;
		};
		BEDDF64A2203E2D6005D3B25 /* Debug */ = {
			isa = XCBuildConfiguration;
			buildSettings = {
				ALWAYS_EMBED_SWIFT_STANDARD_LIBRARIES = YES;
				CODE_SIGN_STYLE = Automatic;
				DEVELOPMENT_TEAM = 2RB6P5XQBG;
				INFOPLIST_FILE = CounterListUITests/Info.plist;
				LD_RUNPATH_SEARCH_PATHS = (
					"$(inherited)",
					"@executable_path/Frameworks",
					"@loader_path/Frameworks",
				);
				PRODUCT_BUNDLE_IDENTIFIER = com.cornershop.CounterListUITests;
				PRODUCT_NAME = "$(TARGET_NAME)";
				SWIFT_VERSION = 4.2;
				TARGETED_DEVICE_FAMILY = "1,2";
				TEST_TARGET_NAME = CounterList;
			};
			name = Debug;
		};
		BEDDF64B2203E2D6005D3B25 /* Release */ = {
			isa = XCBuildConfiguration;
			buildSettings = {
				ALWAYS_EMBED_SWIFT_STANDARD_LIBRARIES = YES;
				CODE_SIGN_STYLE = Automatic;
				DEVELOPMENT_TEAM = 2RB6P5XQBG;
				INFOPLIST_FILE = CounterListUITests/Info.plist;
				LD_RUNPATH_SEARCH_PATHS = (
					"$(inherited)",
					"@executable_path/Frameworks",
					"@loader_path/Frameworks",
				);
				PRODUCT_BUNDLE_IDENTIFIER = com.cornershop.CounterListUITests;
				PRODUCT_NAME = "$(TARGET_NAME)";
				SWIFT_VERSION = 4.2;
				TARGETED_DEVICE_FAMILY = "1,2";
				TEST_TARGET_NAME = CounterList;
			};
			name = Release;
		};
/* End XCBuildConfiguration section */

/* Begin XCConfigurationList section */
		BEDDF6132203E2D5005D3B25 /* Build configuration list for PBXProject "CounterList" */ = {
			isa = XCConfigurationList;
			buildConfigurations = (
				BEDDF6412203E2D6005D3B25 /* Debug */,
				BEDDF6422203E2D6005D3B25 /* Release */,
			);
			defaultConfigurationIsVisible = 0;
			defaultConfigurationName = Release;
		};
		BEDDF6432203E2D6005D3B25 /* Build configuration list for PBXNativeTarget "CounterList" */ = {
			isa = XCConfigurationList;
			buildConfigurations = (
				BEDDF6442203E2D6005D3B25 /* Debug */,
				BEDDF6452203E2D6005D3B25 /* Release */,
			);
			defaultConfigurationIsVisible = 0;
			defaultConfigurationName = Release;
		};
		BEDDF6462203E2D6005D3B25 /* Build configuration list for PBXNativeTarget "CounterListTests" */ = {
			isa = XCConfigurationList;
			buildConfigurations = (
				BEDDF6472203E2D6005D3B25 /* Debug */,
				BEDDF6482203E2D6005D3B25 /* Release */,
			);
			defaultConfigurationIsVisible = 0;
			defaultConfigurationName = Release;
		};
		BEDDF6492203E2D6005D3B25 /* Build configuration list for PBXNativeTarget "CounterListUITests" */ = {
			isa = XCConfigurationList;
			buildConfigurations = (
				BEDDF64A2203E2D6005D3B25 /* Debug */,
				BEDDF64B2203E2D6005D3B25 /* Release */,
			);
			defaultConfigurationIsVisible = 0;
			defaultConfigurationName = Release;
		};
/* End XCConfigurationList section */

/* Begin XCVersionGroup section */
		BEDDF6222203E2D5005D3B25 /* CounterList.xcdatamodeld */ = {
			isa = XCVersionGroup;
			children = (
				BEDDF6232203E2D5005D3B25 /* CounterList.xcdatamodel */,
			);
			currentVersion = BEDDF6232203E2D5005D3B25 /* CounterList.xcdatamodel */;
			path = CounterList.xcdatamodeld;
			sourceTree = "<group>";
			versionGroupType = wrapper.xcdatamodel;
		};
/* End XCVersionGroup section */
	};
	rootObject = BEDDF6102203E2D5005D3B25 /* Project object */;
}
